// !$*UTF8*$!
{
	archiveVersion = 1;
	classes = {
	};
	objectVersion = 55;
	objects = {

/* Begin PBXBuildFile section */
		4F03DFD227C0D1C300177313 /* SnackViewController.swift in Sources */ = {isa = PBXBuildFile; fileRef = 4F03DFD127C0D1C300177313 /* SnackViewController.swift */; };
		4F1127E127BD137F00CBE96D /* MovieTimeViewController.swift in Sources */ = {isa = PBXBuildFile; fileRef = 4F1127E027BD137F00CBE96D /* MovieTimeViewController.swift */; };
		4F1127E427BD157700CBE96D /* DayCollectionViewCell.swift in Sources */ = {isa = PBXBuildFile; fileRef = 4F1127E227BD157700CBE96D /* DayCollectionViewCell.swift */; };
		4F1127E527BD157700CBE96D /* DayCollectionViewCell.xib in Resources */ = {isa = PBXBuildFile; fileRef = 4F1127E327BD157700CBE96D /* DayCollectionViewCell.xib */; };
		4F1127E827BD171900CBE96D /* TimeCollectionViewCell.swift in Sources */ = {isa = PBXBuildFile; fileRef = 4F1127E627BD171900CBE96D /* TimeCollectionViewCell.swift */; };
		4F1127E927BD171900CBE96D /* TimeCollectionViewCell.xib in Resources */ = {isa = PBXBuildFile; fileRef = 4F1127E727BD171900CBE96D /* TimeCollectionViewCell.xib */; };
		4F348B3027FC8B3500EE19EF /* MovieVO.swift in Sources */ = {isa = PBXBuildFile; fileRef = 4F348B2F27FC8B3500EE19EF /* MovieVO.swift */; };
		4F348B3227FC8D8C00EE19EF /* MovieModel.swift in Sources */ = {isa = PBXBuildFile; fileRef = 4F348B3127FC8D8C00EE19EF /* MovieModel.swift */; };
		4F348B3427FC96F500EE19EF /* MovieRepository.swift in Sources */ = {isa = PBXBuildFile; fileRef = 4F348B3327FC96F500EE19EF /* MovieRepository.swift */; };
		4F348B3627FC9D6000EE19EF /* RealmDb.swift in Sources */ = {isa = PBXBuildFile; fileRef = 4F348B3527FC9D6000EE19EF /* RealmDb.swift */; };
		4F41690F27C36B570025C25D /* GenreCollectionViewCell.swift in Sources */ = {isa = PBXBuildFile; fileRef = 4F41690D27C36B570025C25D /* GenreCollectionViewCell.swift */; };
		4F41691027C36B570025C25D /* GenreCollectionViewCell.xib in Resources */ = {isa = PBXBuildFile; fileRef = 4F41690E27C36B570025C25D /* GenreCollectionViewCell.xib */; };
		4F41691327C3725E0025C25D /* CastCollectionViewCell.swift in Sources */ = {isa = PBXBuildFile; fileRef = 4F41691127C3725E0025C25D /* CastCollectionViewCell.swift */; };
		4F41691427C3725E0025C25D /* CastCollectionViewCell.xib in Resources */ = {isa = PBXBuildFile; fileRef = 4F41691227C3725E0025C25D /* CastCollectionViewCell.xib */; };
		4F41691C27C39C4B0025C25D /* SnackCollectionViewCell.swift in Sources */ = {isa = PBXBuildFile; fileRef = 4F41691A27C39C4B0025C25D /* SnackCollectionViewCell.swift */; };
		4F41691D27C39C4B0025C25D /* SnackCollectionViewCell.xib in Resources */ = {isa = PBXBuildFile; fileRef = 4F41691B27C39C4B0025C25D /* SnackCollectionViewCell.xib */; };
		4F41692027C3CF130025C25D /* PaymentMethodCollectionViewCell.swift in Sources */ = {isa = PBXBuildFile; fileRef = 4F41691E27C3CF130025C25D /* PaymentMethodCollectionViewCell.swift */; };
		4F41692127C3CF130025C25D /* PaymentMethodCollectionViewCell.xib in Resources */ = {isa = PBXBuildFile; fileRef = 4F41691F27C3CF130025C25D /* PaymentMethodCollectionViewCell.xib */; };
		4F41692327C3DB2B0025C25D /* AddNewCardViewController.swift in Sources */ = {isa = PBXBuildFile; fileRef = 4F41692227C3DB2B0025C25D /* AddNewCardViewController.swift */; };
		4F5C9FE727FC562D002B9636 /* AuthModel.swift in Sources */ = {isa = PBXBuildFile; fileRef = 4F5C9FE627FC562D002B9636 /* AuthModel.swift */; };
		4F5C9FEA27FC5C4A002B9636 /* ProfileRepository.swift in Sources */ = {isa = PBXBuildFile; fileRef = 4F5C9FE927FC5C4A002B9636 /* ProfileRepository.swift */; };
		4F5C9FEC27FC5CB1002B9636 /* BaseRepository.swift in Sources */ = {isa = PBXBuildFile; fileRef = 4F5C9FEB27FC5CB1002B9636 /* BaseRepository.swift */; };
		4F5C9FF327FC5FA5002B9636 /* CardVO.swift in Sources */ = {isa = PBXBuildFile; fileRef = 4F5C9FF227FC5FA5002B9636 /* CardVO.swift */; };
		4F5E594D27C3461B00B0206B /* MovieDetailViewController.swift in Sources */ = {isa = PBXBuildFile; fileRef = 4F5E594C27C3461B00B0206B /* MovieDetailViewController.swift */; };
		4F782CFE2807E57900C939FB /* CourierVO.swift in Sources */ = {isa = PBXBuildFile; fileRef = 4F782CFD2807E57900C939FB /* CourierVO.swift */; };
		4F782D002807F3CB00C939FB /* FilmVO.swift in Sources */ = {isa = PBXBuildFile; fileRef = 4F782CFF2807F3CB00C939FB /* FilmVO.swift */; };
		4F782D2A28093D6B00C939FB /* TimeSlotHeaderView.swift in Sources */ = {isa = PBXBuildFile; fileRef = 4F782D2928093D6B00C939FB /* TimeSlotHeaderView.swift */; };
		4F8BF4A927FD40CF00B3E55A /* CastVO.swift in Sources */ = {isa = PBXBuildFile; fileRef = 4F8BF4A827FD40CF00B3E55A /* CastVO.swift */; };
		4F8BF4AB27FDA14300B3E55A /* DateHelper.swift in Sources */ = {isa = PBXBuildFile; fileRef = 4F8BF4AA27FDA14300B3E55A /* DateHelper.swift */; };
		4F9161D227FAD4AD0046FCA2 /* NetworkingAgent.swift in Sources */ = {isa = PBXBuildFile; fileRef = 4F9161D127FAD4AD0046FCA2 /* NetworkingAgent.swift */; };
		4F9161D427FAD4D70046FCA2 /* MBAResult.swift in Sources */ = {isa = PBXBuildFile; fileRef = 4F9161D327FAD4D70046FCA2 /* MBAResult.swift */; };
		4F9161D627FAD5220046FCA2 /* ProfileVO.swift in Sources */ = {isa = PBXBuildFile; fileRef = 4F9161D527FAD5220046FCA2 /* ProfileVO.swift */; };
		4F9161D827FAD5A00046FCA2 /* AlamofireAgent.swift in Sources */ = {isa = PBXBuildFile; fileRef = 4F9161D727FAD5A00046FCA2 /* AlamofireAgent.swift */; };
		4F9161DA27FAD5D70046FCA2 /* MBAEndpoint.swift in Sources */ = {isa = PBXBuildFile; fileRef = 4F9161D927FAD5D70046FCA2 /* MBAEndpoint.swift */; };
		4F9161DC27FAD71A0046FCA2 /* ApiResponse.swift in Sources */ = {isa = PBXBuildFile; fileRef = 4F9161DB27FAD71A0046FCA2 /* ApiResponse.swift */; };
		4F9161DE27FADE440046FCA2 /* UserCredentialsVO.swift in Sources */ = {isa = PBXBuildFile; fileRef = 4F9161DD27FADE440046FCA2 /* UserCredentialsVO.swift */; };
		4F92F5F52809C6B00048C953 /* CheckoutVO.swift in Sources */ = {isa = PBXBuildFile; fileRef = 4F92F5F42809C6B00048C953 /* CheckoutVO.swift */; };
		4FAF01EC28052ABC0000C459 /* PaymentMethodVO.swift in Sources */ = {isa = PBXBuildFile; fileRef = 4FAF01EB28052ABC0000C459 /* PaymentMethodVO.swift */; };
		4FAF01EE28052BDF0000C459 /* PaymentMethodModel.swift in Sources */ = {isa = PBXBuildFile; fileRef = 4FAF01ED28052BDF0000C459 /* PaymentMethodModel.swift */; };
		4FAF01F028052F310000C459 /* PaymentMethodRepository.swift in Sources */ = {isa = PBXBuildFile; fileRef = 4FAF01EF28052F310000C459 /* PaymentMethodRepository.swift */; };
		4FC3601E27C27ECF00296494 /* AuthenticationViewController.swift in Sources */ = {isa = PBXBuildFile; fileRef = 4FC3601D27C27ECF00296494 /* AuthenticationViewController.swift */; };
		4FC5ADCF27FBE381008B8B9D /* GoogleAuth.swift in Sources */ = {isa = PBXBuildFile; fileRef = 4FC5ADCE27FBE381008B8B9D /* GoogleAuth.swift */; };
		4FC5ADD127FBFCAE008B8B9D /* InputValidation.swift in Sources */ = {isa = PBXBuildFile; fileRef = 4FC5ADD027FBFCAE008B8B9D /* InputValidation.swift */; };
		4FC5ADD327FBFE1E008B8B9D /* Extensions.swift in Sources */ = {isa = PBXBuildFile; fileRef = 4FC5ADD227FBFE1E008B8B9D /* Extensions.swift */; };
		4FCB6AD727BD0760004CC300 /* ViewExtensions.swift in Sources */ = {isa = PBXBuildFile; fileRef = 4FCB6AD627BD0760004CC300 /* ViewExtensions.swift */; };
		4FCB6ADD27BD0882004CC300 /* MovieCollectionViewCell.swift in Sources */ = {isa = PBXBuildFile; fileRef = 4FCB6ADB27BD0882004CC300 /* MovieCollectionViewCell.swift */; };
		4FCB6ADE27BD0882004CC300 /* MovieCollectionViewCell.xib in Resources */ = {isa = PBXBuildFile; fileRef = 4FCB6ADC27BD0882004CC300 /* MovieCollectionViewCell.xib */; };
		4FDE885727C1E5E000E43789 /* SeatVO.swift in Sources */ = {isa = PBXBuildFile; fileRef = 4FDE885627C1E5E000E43789 /* SeatVO.swift */; };
		4FDE885A27C1E6E500E43789 /* AppConstants.swift in Sources */ = {isa = PBXBuildFile; fileRef = 4FDE885927C1E6E500E43789 /* AppConstants.swift */; };
		4FDE885D27C1E79000E43789 /* DummyData.swift in Sources */ = {isa = PBXBuildFile; fileRef = 4FDE885C27C1E79000E43789 /* DummyData.swift */; };
		4FDE886027C1EBDE00E43789 /* MovieSeatCollectionViewCell.swift in Sources */ = {isa = PBXBuildFile; fileRef = 4FDE885E27C1EBDE00E43789 /* MovieSeatCollectionViewCell.swift */; };
		4FDE886127C1EBDE00E43789 /* MovieSeatCollectionViewCell.xib in Resources */ = {isa = PBXBuildFile; fileRef = 4FDE885F27C1EBDE00E43789 /* MovieSeatCollectionViewCell.xib */; };
		4FDE886327C1ED0E00E43789 /* MovieSeatViewController.swift in Sources */ = {isa = PBXBuildFile; fileRef = 4FDE886227C1ED0E00E43789 /* MovieSeatViewController.swift */; };
		4FDE886527C1FFFF00E43789 /* PaymentViewController.swift in Sources */ = {isa = PBXBuildFile; fileRef = 4FDE886427C1FFFF00E43789 /* PaymentViewController.swift */; };
		4FDE886827C20C6000E43789 /* CardCollectionViewCell.swift in Sources */ = {isa = PBXBuildFile; fileRef = 4FDE886627C20C6000E43789 /* CardCollectionViewCell.swift */; };
		4FDE886927C20C6000E43789 /* CardCollectionViewCell.xib in Resources */ = {isa = PBXBuildFile; fileRef = 4FDE886727C20C6000E43789 /* CardCollectionViewCell.xib */; };
		4FDE886B27C22E6B00E43789 /* TicketViewController.swift in Sources */ = {isa = PBXBuildFile; fileRef = 4FDE886A27C22E6B00E43789 /* TicketViewController.swift */; };
		4FDE886D27C266DC00E43789 /* LandingViewController.swift in Sources */ = {isa = PBXBuildFile; fileRef = 4FDE886C27C266DC00E43789 /* LandingViewController.swift */; };
		4FDE886F27C2711900E43789 /* Router.swift in Sources */ = {isa = PBXBuildFile; fileRef = 4FDE886E27C2711900E43789 /* Router.swift */; };
		4FEC672F27C358F2009F1275 /* RatingControl.swift in Sources */ = {isa = PBXBuildFile; fileRef = 4FEC672E27C358F2009F1275 /* RatingControl.swift */; };
		4FEE71A727BCEEF800C8829D /* AppDelegate.swift in Sources */ = {isa = PBXBuildFile; fileRef = 4FEE71A627BCEEF800C8829D /* AppDelegate.swift */; };
		4FEE71A927BCEEF800C8829D /* SceneDelegate.swift in Sources */ = {isa = PBXBuildFile; fileRef = 4FEE71A827BCEEF800C8829D /* SceneDelegate.swift */; };
		4FEE71AB27BCEEF800C8829D /* HomeViewController.swift in Sources */ = {isa = PBXBuildFile; fileRef = 4FEE71AA27BCEEF800C8829D /* HomeViewController.swift */; };
		4FEE71AE27BCEEF800C8829D /* Main.storyboard in Resources */ = {isa = PBXBuildFile; fileRef = 4FEE71AC27BCEEF800C8829D /* Main.storyboard */; };
		4FEE71B027BCEEF900C8829D /* Assets.xcassets in Resources */ = {isa = PBXBuildFile; fileRef = 4FEE71AF27BCEEF900C8829D /* Assets.xcassets */; };
		4FEE71B327BCEEF900C8829D /* LaunchScreen.storyboard in Resources */ = {isa = PBXBuildFile; fileRef = 4FEE71B127BCEEF900C8829D /* LaunchScreen.storyboard */; };
		4FF4BF902801596A00FAB437 /* SeatPlanVO.swift in Sources */ = {isa = PBXBuildFile; fileRef = 4FF4BF8F2801596A00FAB437 /* SeatPlanVO.swift */; };
		4FF4BF922801D4AF00FAB437 /* SnackVO.swift in Sources */ = {isa = PBXBuildFile; fileRef = 4FF4BF912801D4AF00FAB437 /* SnackVO.swift */; };
		4FF4BF942801D6B900FAB437 /* SnackRepository.swift in Sources */ = {isa = PBXBuildFile; fileRef = 4FF4BF932801D6B900FAB437 /* SnackRepository.swift */; };
		4FF4BF962801D8A300FAB437 /* SnackModel.swift in Sources */ = {isa = PBXBuildFile; fileRef = 4FF4BF952801D8A300FAB437 /* SnackModel.swift */; };
		4FFEC87627FF208A005AAFCF /* CinemaVO.swift in Sources */ = {isa = PBXBuildFile; fileRef = 4FFEC87527FF208A005AAFCF /* CinemaVO.swift */; };
		4FFEC87827FF21B7005AAFCF /* CinemaRepository.swift in Sources */ = {isa = PBXBuildFile; fileRef = 4FFEC87727FF21B7005AAFCF /* CinemaRepository.swift */; };
		4FFEC87A27FF22D3005AAFCF /* CinemaModel.swift in Sources */ = {isa = PBXBuildFile; fileRef = 4FFEC87927FF22D3005AAFCF /* CinemaModel.swift */; };
		4FFEC87C27FF2BD1005AAFCF /* CinemaDayTimeSlotVO.swift in Sources */ = {isa = PBXBuildFile; fileRef = 4FFEC87B27FF2BD0005AAFCF /* CinemaDayTimeSlotVO.swift */; };
		4FFEC87E27FF2BE5005AAFCF /* TimeSlotVO.swift in Sources */ = {isa = PBXBuildFile; fileRef = 4FFEC87D27FF2BE5005AAFCF /* TimeSlotVO.swift */; };
		87279EB4DEC7E1BF7E3BEE1D /* Pods_MovieBookingApp2.framework in Frameworks */ = {isa = PBXBuildFile; fileRef = 740E6E2A9F36C1CABBB7D128 /* Pods_MovieBookingApp2.framework */; };
/* End PBXBuildFile section */

/* Begin PBXFileReference section */
		1791B1B8BA8D6FED8693E8D8 /* Pods-MovieBookingApp2.debug.xcconfig */ = {isa = PBXFileReference; includeInIndex = 1; lastKnownFileType = text.xcconfig; name = "Pods-MovieBookingApp2.debug.xcconfig"; path = "Target Support Files/Pods-MovieBookingApp2/Pods-MovieBookingApp2.debug.xcconfig"; sourceTree = "<group>"; };
		4F03DFD127C0D1C300177313 /* SnackViewController.swift */ = {isa = PBXFileReference; lastKnownFileType = sourcecode.swift; path = SnackViewController.swift; sourceTree = "<group>"; };
		4F1127E027BD137F00CBE96D /* MovieTimeViewController.swift */ = {isa = PBXFileReference; lastKnownFileType = sourcecode.swift; path = MovieTimeViewController.swift; sourceTree = "<group>"; };
		4F1127E227BD157700CBE96D /* DayCollectionViewCell.swift */ = {isa = PBXFileReference; lastKnownFileType = sourcecode.swift; path = DayCollectionViewCell.swift; sourceTree = "<group>"; };
		4F1127E327BD157700CBE96D /* DayCollectionViewCell.xib */ = {isa = PBXFileReference; lastKnownFileType = file.xib; path = DayCollectionViewCell.xib; sourceTree = "<group>"; };
		4F1127E627BD171900CBE96D /* TimeCollectionViewCell.swift */ = {isa = PBXFileReference; lastKnownFileType = sourcecode.swift; path = TimeCollectionViewCell.swift; sourceTree = "<group>"; };
		4F1127E727BD171900CBE96D /* TimeCollectionViewCell.xib */ = {isa = PBXFileReference; lastKnownFileType = file.xib; path = TimeCollectionViewCell.xib; sourceTree = "<group>"; };
		4F348B2F27FC8B3500EE19EF /* MovieVO.swift */ = {isa = PBXFileReference; lastKnownFileType = sourcecode.swift; path = MovieVO.swift; sourceTree = "<group>"; };
		4F348B3127FC8D8C00EE19EF /* MovieModel.swift */ = {isa = PBXFileReference; lastKnownFileType = sourcecode.swift; path = MovieModel.swift; sourceTree = "<group>"; };
		4F348B3327FC96F500EE19EF /* MovieRepository.swift */ = {isa = PBXFileReference; lastKnownFileType = sourcecode.swift; path = MovieRepository.swift; sourceTree = "<group>"; };
		4F348B3527FC9D6000EE19EF /* RealmDb.swift */ = {isa = PBXFileReference; lastKnownFileType = sourcecode.swift; path = RealmDb.swift; sourceTree = "<group>"; };
		4F41690D27C36B570025C25D /* GenreCollectionViewCell.swift */ = {isa = PBXFileReference; lastKnownFileType = sourcecode.swift; path = GenreCollectionViewCell.swift; sourceTree = "<group>"; };
		4F41690E27C36B570025C25D /* GenreCollectionViewCell.xib */ = {isa = PBXFileReference; lastKnownFileType = file.xib; path = GenreCollectionViewCell.xib; sourceTree = "<group>"; };
		4F41691127C3725E0025C25D /* CastCollectionViewCell.swift */ = {isa = PBXFileReference; lastKnownFileType = sourcecode.swift; path = CastCollectionViewCell.swift; sourceTree = "<group>"; };
		4F41691227C3725E0025C25D /* CastCollectionViewCell.xib */ = {isa = PBXFileReference; lastKnownFileType = file.xib; path = CastCollectionViewCell.xib; sourceTree = "<group>"; };
		4F41691A27C39C4B0025C25D /* SnackCollectionViewCell.swift */ = {isa = PBXFileReference; lastKnownFileType = sourcecode.swift; path = SnackCollectionViewCell.swift; sourceTree = "<group>"; };
		4F41691B27C39C4B0025C25D /* SnackCollectionViewCell.xib */ = {isa = PBXFileReference; lastKnownFileType = file.xib; path = SnackCollectionViewCell.xib; sourceTree = "<group>"; };
		4F41691E27C3CF130025C25D /* PaymentMethodCollectionViewCell.swift */ = {isa = PBXFileReference; lastKnownFileType = sourcecode.swift; path = PaymentMethodCollectionViewCell.swift; sourceTree = "<group>"; };
		4F41691F27C3CF130025C25D /* PaymentMethodCollectionViewCell.xib */ = {isa = PBXFileReference; lastKnownFileType = file.xib; path = PaymentMethodCollectionViewCell.xib; sourceTree = "<group>"; };
		4F41692227C3DB2B0025C25D /* AddNewCardViewController.swift */ = {isa = PBXFileReference; lastKnownFileType = sourcecode.swift; path = AddNewCardViewController.swift; sourceTree = "<group>"; };
		4F5C9FE627FC562D002B9636 /* AuthModel.swift */ = {isa = PBXFileReference; lastKnownFileType = sourcecode.swift; path = AuthModel.swift; sourceTree = "<group>"; };
		4F5C9FE927FC5C4A002B9636 /* ProfileRepository.swift */ = {isa = PBXFileReference; lastKnownFileType = sourcecode.swift; path = ProfileRepository.swift; sourceTree = "<group>"; };
		4F5C9FEB27FC5CB1002B9636 /* BaseRepository.swift */ = {isa = PBXFileReference; lastKnownFileType = sourcecode.swift; path = BaseRepository.swift; sourceTree = "<group>"; };
		4F5C9FF227FC5FA5002B9636 /* CardVO.swift */ = {isa = PBXFileReference; lastKnownFileType = sourcecode.swift; path = CardVO.swift; sourceTree = "<group>"; };
		4F5E594C27C3461B00B0206B /* MovieDetailViewController.swift */ = {isa = PBXFileReference; lastKnownFileType = sourcecode.swift; path = MovieDetailViewController.swift; sourceTree = "<group>"; };
		4F782CFD2807E57900C939FB /* CourierVO.swift */ = {isa = PBXFileReference; lastKnownFileType = sourcecode.swift; path = CourierVO.swift; sourceTree = "<group>"; };
		4F782CFF2807F3CB00C939FB /* FilmVO.swift */ = {isa = PBXFileReference; lastKnownFileType = sourcecode.swift; path = FilmVO.swift; sourceTree = "<group>"; };
		4F782D2928093D6B00C939FB /* TimeSlotHeaderView.swift */ = {isa = PBXFileReference; lastKnownFileType = sourcecode.swift; path = TimeSlotHeaderView.swift; sourceTree = "<group>"; };
		4F8BF4A827FD40CF00B3E55A /* CastVO.swift */ = {isa = PBXFileReference; lastKnownFileType = sourcecode.swift; path = CastVO.swift; sourceTree = "<group>"; };
		4F8BF4AA27FDA14300B3E55A /* DateHelper.swift */ = {isa = PBXFileReference; lastKnownFileType = sourcecode.swift; path = DateHelper.swift; sourceTree = "<group>"; };
		4F9161D127FAD4AD0046FCA2 /* NetworkingAgent.swift */ = {isa = PBXFileReference; lastKnownFileType = sourcecode.swift; path = NetworkingAgent.swift; sourceTree = "<group>"; };
		4F9161D327FAD4D70046FCA2 /* MBAResult.swift */ = {isa = PBXFileReference; lastKnownFileType = sourcecode.swift; path = MBAResult.swift; sourceTree = "<group>"; };
		4F9161D527FAD5220046FCA2 /* ProfileVO.swift */ = {isa = PBXFileReference; lastKnownFileType = sourcecode.swift; path = ProfileVO.swift; sourceTree = "<group>"; };
		4F9161D727FAD5A00046FCA2 /* AlamofireAgent.swift */ = {isa = PBXFileReference; lastKnownFileType = sourcecode.swift; path = AlamofireAgent.swift; sourceTree = "<group>"; };
		4F9161D927FAD5D70046FCA2 /* MBAEndpoint.swift */ = {isa = PBXFileReference; lastKnownFileType = sourcecode.swift; path = MBAEndpoint.swift; sourceTree = "<group>"; };
		4F9161DB27FAD71A0046FCA2 /* ApiResponse.swift */ = {isa = PBXFileReference; lastKnownFileType = sourcecode.swift; path = ApiResponse.swift; sourceTree = "<group>"; };
		4F9161DD27FADE440046FCA2 /* UserCredentialsVO.swift */ = {isa = PBXFileReference; lastKnownFileType = sourcecode.swift; path = UserCredentialsVO.swift; sourceTree = "<group>"; };
		4F92F5F42809C6B00048C953 /* CheckoutVO.swift */ = {isa = PBXFileReference; lastKnownFileType = sourcecode.swift; path = CheckoutVO.swift; sourceTree = "<group>"; };
		4FAF01EB28052ABC0000C459 /* PaymentMethodVO.swift */ = {isa = PBXFileReference; lastKnownFileType = sourcecode.swift; path = PaymentMethodVO.swift; sourceTree = "<group>"; };
		4FAF01ED28052BDF0000C459 /* PaymentMethodModel.swift */ = {isa = PBXFileReference; lastKnownFileType = sourcecode.swift; path = PaymentMethodModel.swift; sourceTree = "<group>"; };
		4FAF01EF28052F310000C459 /* PaymentMethodRepository.swift */ = {isa = PBXFileReference; lastKnownFileType = sourcecode.swift; path = PaymentMethodRepository.swift; sourceTree = "<group>"; };
		4FC3601D27C27ECF00296494 /* AuthenticationViewController.swift */ = {isa = PBXFileReference; lastKnownFileType = sourcecode.swift; path = AuthenticationViewController.swift; sourceTree = "<group>"; };
		4FC5ADCE27FBE381008B8B9D /* GoogleAuth.swift */ = {isa = PBXFileReference; lastKnownFileType = sourcecode.swift; path = GoogleAuth.swift; sourceTree = "<group>"; };
		4FC5ADD027FBFCAE008B8B9D /* InputValidation.swift */ = {isa = PBXFileReference; lastKnownFileType = sourcecode.swift; path = InputValidation.swift; sourceTree = "<group>"; };
		4FC5ADD227FBFE1E008B8B9D /* Extensions.swift */ = {isa = PBXFileReference; lastKnownFileType = sourcecode.swift; path = Extensions.swift; sourceTree = "<group>"; };
		4FCB6AD627BD0760004CC300 /* ViewExtensions.swift */ = {isa = PBXFileReference; lastKnownFileType = sourcecode.swift; path = ViewExtensions.swift; sourceTree = "<group>"; };
		4FCB6ADB27BD0882004CC300 /* MovieCollectionViewCell.swift */ = {isa = PBXFileReference; lastKnownFileType = sourcecode.swift; path = MovieCollectionViewCell.swift; sourceTree = "<group>"; };
		4FCB6ADC27BD0882004CC300 /* MovieCollectionViewCell.xib */ = {isa = PBXFileReference; lastKnownFileType = file.xib; path = MovieCollectionViewCell.xib; sourceTree = "<group>"; };
		4FDE885627C1E5E000E43789 /* SeatVO.swift */ = {isa = PBXFileReference; lastKnownFileType = sourcecode.swift; path = SeatVO.swift; sourceTree = "<group>"; };
		4FDE885927C1E6E500E43789 /* AppConstants.swift */ = {isa = PBXFileReference; lastKnownFileType = sourcecode.swift; path = AppConstants.swift; sourceTree = "<group>"; };
		4FDE885C27C1E79000E43789 /* DummyData.swift */ = {isa = PBXFileReference; lastKnownFileType = sourcecode.swift; path = DummyData.swift; sourceTree = "<group>"; };
		4FDE885E27C1EBDE00E43789 /* MovieSeatCollectionViewCell.swift */ = {isa = PBXFileReference; lastKnownFileType = sourcecode.swift; path = MovieSeatCollectionViewCell.swift; sourceTree = "<group>"; };
		4FDE885F27C1EBDE00E43789 /* MovieSeatCollectionViewCell.xib */ = {isa = PBXFileReference; lastKnownFileType = file.xib; path = MovieSeatCollectionViewCell.xib; sourceTree = "<group>"; };
		4FDE886227C1ED0E00E43789 /* MovieSeatViewController.swift */ = {isa = PBXFileReference; lastKnownFileType = sourcecode.swift; path = MovieSeatViewController.swift; sourceTree = "<group>"; };
		4FDE886427C1FFFF00E43789 /* PaymentViewController.swift */ = {isa = PBXFileReference; lastKnownFileType = sourcecode.swift; path = PaymentViewController.swift; sourceTree = "<group>"; };
		4FDE886627C20C6000E43789 /* CardCollectionViewCell.swift */ = {isa = PBXFileReference; lastKnownFileType = sourcecode.swift; path = CardCollectionViewCell.swift; sourceTree = "<group>"; };
		4FDE886727C20C6000E43789 /* CardCollectionViewCell.xib */ = {isa = PBXFileReference; lastKnownFileType = file.xib; path = CardCollectionViewCell.xib; sourceTree = "<group>"; };
		4FDE886A27C22E6B00E43789 /* TicketViewController.swift */ = {isa = PBXFileReference; lastKnownFileType = sourcecode.swift; path = TicketViewController.swift; sourceTree = "<group>"; };
		4FDE886C27C266DC00E43789 /* LandingViewController.swift */ = {isa = PBXFileReference; lastKnownFileType = sourcecode.swift; path = LandingViewController.swift; sourceTree = "<group>"; };
		4FDE886E27C2711900E43789 /* Router.swift */ = {isa = PBXFileReference; lastKnownFileType = sourcecode.swift; path = Router.swift; sourceTree = "<group>"; };
		4FEC672E27C358F2009F1275 /* RatingControl.swift */ = {isa = PBXFileReference; lastKnownFileType = sourcecode.swift; path = RatingControl.swift; sourceTree = "<group>"; };
		4FEE71A327BCEEF800C8829D /* MovieBookingApp2.app */ = {isa = PBXFileReference; explicitFileType = wrapper.application; includeInIndex = 0; path = MovieBookingApp2.app; sourceTree = BUILT_PRODUCTS_DIR; };
		4FEE71A627BCEEF800C8829D /* AppDelegate.swift */ = {isa = PBXFileReference; lastKnownFileType = sourcecode.swift; path = AppDelegate.swift; sourceTree = "<group>"; };
		4FEE71A827BCEEF800C8829D /* SceneDelegate.swift */ = {isa = PBXFileReference; lastKnownFileType = sourcecode.swift; path = SceneDelegate.swift; sourceTree = "<group>"; };
		4FEE71AA27BCEEF800C8829D /* HomeViewController.swift */ = {isa = PBXFileReference; lastKnownFileType = sourcecode.swift; path = HomeViewController.swift; sourceTree = "<group>"; };
		4FEE71AD27BCEEF800C8829D /* Base */ = {isa = PBXFileReference; lastKnownFileType = file.storyboard; name = Base; path = Base.lproj/Main.storyboard; sourceTree = "<group>"; };
		4FEE71AF27BCEEF900C8829D /* Assets.xcassets */ = {isa = PBXFileReference; lastKnownFileType = folder.assetcatalog; path = Assets.xcassets; sourceTree = "<group>"; };
		4FEE71B227BCEEF900C8829D /* Base */ = {isa = PBXFileReference; lastKnownFileType = file.storyboard; name = Base; path = Base.lproj/LaunchScreen.storyboard; sourceTree = "<group>"; };
		4FEE71B427BCEEF900C8829D /* Info.plist */ = {isa = PBXFileReference; lastKnownFileType = text.plist.xml; path = Info.plist; sourceTree = "<group>"; };
		4FF4BF8F2801596A00FAB437 /* SeatPlanVO.swift */ = {isa = PBXFileReference; lastKnownFileType = sourcecode.swift; path = SeatPlanVO.swift; sourceTree = "<group>"; };
		4FF4BF912801D4AF00FAB437 /* SnackVO.swift */ = {isa = PBXFileReference; lastKnownFileType = sourcecode.swift; path = SnackVO.swift; sourceTree = "<group>"; };
		4FF4BF932801D6B900FAB437 /* SnackRepository.swift */ = {isa = PBXFileReference; lastKnownFileType = sourcecode.swift; path = SnackRepository.swift; sourceTree = "<group>"; };
		4FF4BF952801D8A300FAB437 /* SnackModel.swift */ = {isa = PBXFileReference; lastKnownFileType = sourcecode.swift; path = SnackModel.swift; sourceTree = "<group>"; };
		4FFEC87527FF208A005AAFCF /* CinemaVO.swift */ = {isa = PBXFileReference; lastKnownFileType = sourcecode.swift; path = CinemaVO.swift; sourceTree = "<group>"; };
		4FFEC87727FF21B7005AAFCF /* CinemaRepository.swift */ = {isa = PBXFileReference; lastKnownFileType = sourcecode.swift; path = CinemaRepository.swift; sourceTree = "<group>"; };
		4FFEC87927FF22D3005AAFCF /* CinemaModel.swift */ = {isa = PBXFileReference; lastKnownFileType = sourcecode.swift; path = CinemaModel.swift; sourceTree = "<group>"; };
		4FFEC87B27FF2BD0005AAFCF /* CinemaDayTimeSlotVO.swift */ = {isa = PBXFileReference; lastKnownFileType = sourcecode.swift; path = CinemaDayTimeSlotVO.swift; sourceTree = "<group>"; };
		4FFEC87D27FF2BE5005AAFCF /* TimeSlotVO.swift */ = {isa = PBXFileReference; lastKnownFileType = sourcecode.swift; path = TimeSlotVO.swift; sourceTree = "<group>"; };
		680D74C0D160992A614310E1 /* Pods-MovieBookingApp2.release.xcconfig */ = {isa = PBXFileReference; includeInIndex = 1; lastKnownFileType = text.xcconfig; name = "Pods-MovieBookingApp2.release.xcconfig"; path = "Target Support Files/Pods-MovieBookingApp2/Pods-MovieBookingApp2.release.xcconfig"; sourceTree = "<group>"; };
		740E6E2A9F36C1CABBB7D128 /* Pods_MovieBookingApp2.framework */ = {isa = PBXFileReference; explicitFileType = wrapper.framework; includeInIndex = 0; path = Pods_MovieBookingApp2.framework; sourceTree = BUILT_PRODUCTS_DIR; };
/* End PBXFileReference section */

/* Begin PBXFrameworksBuildPhase section */
		4FEE71A027BCEEF800C8829D /* Frameworks */ = {
			isa = PBXFrameworksBuildPhase;
			buildActionMask = 2147483647;
			files = (
				87279EB4DEC7E1BF7E3BEE1D /* Pods_MovieBookingApp2.framework in Frameworks */,
			);
			runOnlyForDeploymentPostprocessing = 0;
		};
/* End PBXFrameworksBuildPhase section */

/* Begin PBXGroup section */
		410993C6FEC6E77A0C969070 /* Frameworks */ = {
			isa = PBXGroup;
			children = (
				740E6E2A9F36C1CABBB7D128 /* Pods_MovieBookingApp2.framework */,
			);
			name = Frameworks;
			sourceTree = "<group>";
		};
		45D9B6880799CCDBED197C51 /* Pods */ = {
			isa = PBXGroup;
			children = (
				1791B1B8BA8D6FED8693E8D8 /* Pods-MovieBookingApp2.debug.xcconfig */,
				680D74C0D160992A614310E1 /* Pods-MovieBookingApp2.release.xcconfig */,
			);
			path = Pods;
			sourceTree = "<group>";
		};
		4F41691527C38DC40025C25D /* Delegates */ = {
			isa = PBXGroup;
			children = (
				4FEE71A627BCEEF800C8829D /* AppDelegate.swift */,
				4FEE71A827BCEEF800C8829D /* SceneDelegate.swift */,
			);
			path = Delegates;
			sourceTree = "<group>";
		};
		4F41691927C38FE50025C25D /* Storyboards */ = {
			isa = PBXGroup;
			children = (
				4FEE71AC27BCEEF800C8829D /* Main.storyboard */,
				4FEE71B127BCEEF900C8829D /* LaunchScreen.storyboard */,
			);
			path = Storyboards;
			sourceTree = "<group>";
		};
		4F5C9FE527FC561C002B9636 /* Models */ = {
			isa = PBXGroup;
			children = (
				4F5C9FE627FC562D002B9636 /* AuthModel.swift */,
				4F348B3127FC8D8C00EE19EF /* MovieModel.swift */,
				4FFEC87927FF22D3005AAFCF /* CinemaModel.swift */,
				4FF4BF952801D8A300FAB437 /* SnackModel.swift */,
				4FAF01ED28052BDF0000C459 /* PaymentMethodModel.swift */,
			);
			path = Models;
			sourceTree = "<group>";
		};
		4F5C9FE827FC5BF0002B9636 /* Repositories */ = {
			isa = PBXGroup;
			children = (
				4F5C9FE927FC5C4A002B9636 /* ProfileRepository.swift */,
				4F5C9FEB27FC5CB1002B9636 /* BaseRepository.swift */,
				4F348B3327FC96F500EE19EF /* MovieRepository.swift */,
				4F348B3527FC9D6000EE19EF /* RealmDb.swift */,
				4FFEC87727FF21B7005AAFCF /* CinemaRepository.swift */,
				4FF4BF932801D6B900FAB437 /* SnackRepository.swift */,
				4FAF01EF28052F310000C459 /* PaymentMethodRepository.swift */,
			);
			path = Repositories;
			sourceTree = "<group>";
		};
		4F9161D027FAD4850046FCA2 /* Networking */ = {
			isa = PBXGroup;
			children = (
				4F9161D127FAD4AD0046FCA2 /* NetworkingAgent.swift */,
				4F9161D727FAD5A00046FCA2 /* AlamofireAgent.swift */,
				4F9161DB27FAD71A0046FCA2 /* ApiResponse.swift */,
				4F9161D927FAD5D70046FCA2 /* MBAEndpoint.swift */,
				4F9161D327FAD4D70046FCA2 /* MBAResult.swift */,
			);
			path = Networking;
			sourceTree = "<group>";
		};
		4FCB6AD427BCEFAC004CC300 /* ViewControllers */ = {
			isa = PBXGroup;
			children = (
				4FDE886C27C266DC00E43789 /* LandingViewController.swift */,
				4FC3601D27C27ECF00296494 /* AuthenticationViewController.swift */,
				4FEE71AA27BCEEF800C8829D /* HomeViewController.swift */,
				4F5E594C27C3461B00B0206B /* MovieDetailViewController.swift */,
				4F1127E027BD137F00CBE96D /* MovieTimeViewController.swift */,
				4FDE886227C1ED0E00E43789 /* MovieSeatViewController.swift */,
				4F03DFD127C0D1C300177313 /* SnackViewController.swift */,
				4FDE886427C1FFFF00E43789 /* PaymentViewController.swift */,
				4FDE886A27C22E6B00E43789 /* TicketViewController.swift */,
				4F41692227C3DB2B0025C25D /* AddNewCardViewController.swift */,
			);
			path = ViewControllers;
			sourceTree = "<group>";
		};
		4FCB6AD527BD074B004CC300 /* Extensions */ = {
			isa = PBXGroup;
			children = (
				4FCB6AD627BD0760004CC300 /* ViewExtensions.swift */,
			);
			path = Extensions;
			sourceTree = "<group>";
		};
		4FCB6AD827BD085E004CC300 /* Cells */ = {
			isa = PBXGroup;
			children = (
				4FCB6AD927BD0866004CC300 /* swifts */,
				4FCB6ADA27BD086E004CC300 /* xibs */,
				4F782D2928093D6B00C939FB /* TimeSlotHeaderView.swift */,
			);
			path = Cells;
			sourceTree = "<group>";
		};
		4FCB6AD927BD0866004CC300 /* swifts */ = {
			isa = PBXGroup;
			children = (
				4FCB6ADB27BD0882004CC300 /* MovieCollectionViewCell.swift */,
				4F1127E227BD157700CBE96D /* DayCollectionViewCell.swift */,
				4F1127E627BD171900CBE96D /* TimeCollectionViewCell.swift */,
				4FDE885E27C1EBDE00E43789 /* MovieSeatCollectionViewCell.swift */,
				4FDE886627C20C6000E43789 /* CardCollectionViewCell.swift */,
				4F41690D27C36B570025C25D /* GenreCollectionViewCell.swift */,
				4F41691127C3725E0025C25D /* CastCollectionViewCell.swift */,
				4F41691A27C39C4B0025C25D /* SnackCollectionViewCell.swift */,
				4F41691E27C3CF130025C25D /* PaymentMethodCollectionViewCell.swift */,
			);
			path = swifts;
			sourceTree = "<group>";
		};
		4FCB6ADA27BD086E004CC300 /* xibs */ = {
			isa = PBXGroup;
			children = (
				4FCB6ADC27BD0882004CC300 /* MovieCollectionViewCell.xib */,
				4F1127E327BD157700CBE96D /* DayCollectionViewCell.xib */,
				4F1127E727BD171900CBE96D /* TimeCollectionViewCell.xib */,
				4FDE885F27C1EBDE00E43789 /* MovieSeatCollectionViewCell.xib */,
				4FDE886727C20C6000E43789 /* CardCollectionViewCell.xib */,
				4F41690E27C36B570025C25D /* GenreCollectionViewCell.xib */,
				4F41691227C3725E0025C25D /* CastCollectionViewCell.xib */,
				4F41691B27C39C4B0025C25D /* SnackCollectionViewCell.xib */,
				4F41691F27C3CF130025C25D /* PaymentMethodCollectionViewCell.xib */,
			);
			path = xibs;
			sourceTree = "<group>";
		};
		4FDE885427C1E5A300E43789 /* Data */ = {
			isa = PBXGroup;
			children = (
				4F5C9FE527FC561C002B9636 /* Models */,
				4F5C9FE827FC5BF0002B9636 /* Repositories */,
				4FDE885527C1E5AB00E43789 /* vos */,
			);
			path = Data;
			sourceTree = "<group>";
		};
		4FDE885527C1E5AB00E43789 /* vos */ = {
			isa = PBXGroup;
			children = (
				4F782CFD2807E57900C939FB /* CourierVO.swift */,
				4FDE885627C1E5E000E43789 /* SeatVO.swift */,
				4F9161D527FAD5220046FCA2 /* ProfileVO.swift */,
				4F9161DD27FADE440046FCA2 /* UserCredentialsVO.swift */,
				4F5C9FF227FC5FA5002B9636 /* CardVO.swift */,
				4F348B2F27FC8B3500EE19EF /* MovieVO.swift */,
				4F8BF4A827FD40CF00B3E55A /* CastVO.swift */,
				4FFEC87527FF208A005AAFCF /* CinemaVO.swift */,
				4FFEC87B27FF2BD0005AAFCF /* CinemaDayTimeSlotVO.swift */,
				4FFEC87D27FF2BE5005AAFCF /* TimeSlotVO.swift */,
				4FF4BF8F2801596A00FAB437 /* SeatPlanVO.swift */,
				4FF4BF912801D4AF00FAB437 /* SnackVO.swift */,
				4FAF01EB28052ABC0000C459 /* PaymentMethodVO.swift */,
				4F782CFF2807F3CB00C939FB /* FilmVO.swift */,
				4F92F5F42809C6B00048C953 /* CheckoutVO.swift */,
			);
			path = vos;
			sourceTree = "<group>";
		};
		4FDE885827C1E6CC00E43789 /* Utils */ = {
			isa = PBXGroup;
			children = (
				4FDE885927C1E6E500E43789 /* AppConstants.swift */,
				4FDE886E27C2711900E43789 /* Router.swift */,
				4FC5ADCE27FBE381008B8B9D /* GoogleAuth.swift */,
				4FC5ADD027FBFCAE008B8B9D /* InputValidation.swift */,
				4FC5ADD227FBFE1E008B8B9D /* Extensions.swift */,
				4F8BF4AA27FDA14300B3E55A /* DateHelper.swift */,
			);
			path = Utils;
			sourceTree = "<group>";
		};
		4FDE885B27C1E77E00E43789 /* dummy */ = {
			isa = PBXGroup;
			children = (
				4FDE885C27C1E79000E43789 /* DummyData.swift */,
			);
			path = dummy;
			sourceTree = "<group>";
		};
		4FEC672D27C358D3009F1275 /* Components */ = {
			isa = PBXGroup;
			children = (
				4FEC672E27C358F2009F1275 /* RatingControl.swift */,
			);
			path = Components;
			sourceTree = "<group>";
		};
		4FEE719A27BCEEF800C8829D = {
			isa = PBXGroup;
			children = (
				4FEE71A527BCEEF800C8829D /* MovieBookingApp2 */,
				4FEE71A427BCEEF800C8829D /* Products */,
				45D9B6880799CCDBED197C51 /* Pods */,
				410993C6FEC6E77A0C969070 /* Frameworks */,
			);
			sourceTree = "<group>";
		};
		4FEE71A427BCEEF800C8829D /* Products */ = {
			isa = PBXGroup;
			children = (
				4FEE71A327BCEEF800C8829D /* MovieBookingApp2.app */,
			);
			name = Products;
			sourceTree = "<group>";
		};
		4FEE71A527BCEEF800C8829D /* MovieBookingApp2 */ = {
			isa = PBXGroup;
			children = (
				4FCB6AD427BCEFAC004CC300 /* ViewControllers */,
				4FDE885427C1E5A300E43789 /* Data */,
				4F9161D027FAD4850046FCA2 /* Networking */,
				4FCB6AD827BD085E004CC300 /* Cells */,
				4FEC672D27C358D3009F1275 /* Components */,
				4FDE885B27C1E77E00E43789 /* dummy */,
				4F41691527C38DC40025C25D /* Delegates */,
				4FCB6AD527BD074B004CC300 /* Extensions */,
				4F41691927C38FE50025C25D /* Storyboards */,
				4FDE885827C1E6CC00E43789 /* Utils */,
				4FEE71AF27BCEEF900C8829D /* Assets.xcassets */,
				4FEE71B427BCEEF900C8829D /* Info.plist */,
			);
			path = MovieBookingApp2;
			sourceTree = "<group>";
		};
/* End PBXGroup section */

/* Begin PBXNativeTarget section */
		4FEE71A227BCEEF800C8829D /* MovieBookingApp2 */ = {
			isa = PBXNativeTarget;
			buildConfigurationList = 4FEE71B727BCEEF900C8829D /* Build configuration list for PBXNativeTarget "MovieBookingApp2" */;
			buildPhases = (
				DA8ADC72583E3AA2F01CEA5F /* [CP] Check Pods Manifest.lock */,
				4FEE719F27BCEEF800C8829D /* Sources */,
				4FEE71A027BCEEF800C8829D /* Frameworks */,
				4FEE71A127BCEEF800C8829D /* Resources */,
				277ADAF1DB8690576E3C88E1 /* [CP] Embed Pods Frameworks */,
			);
			buildRules = (
			);
			dependencies = (
			);
			name = MovieBookingApp2;
			productName = MovieBookingApp2;
			productReference = 4FEE71A327BCEEF800C8829D /* MovieBookingApp2.app */;
			productType = "com.apple.product-type.application";
		};
/* End PBXNativeTarget section */

/* Begin PBXProject section */
		4FEE719B27BCEEF800C8829D /* Project object */ = {
			isa = PBXProject;
			attributes = {
				BuildIndependentTargetsInParallel = 1;
				LastSwiftUpdateCheck = 1320;
				LastUpgradeCheck = 1320;
				TargetAttributes = {
					4FEE71A227BCEEF800C8829D = {
						CreatedOnToolsVersion = 13.2.1;
					};
				};
			};
			buildConfigurationList = 4FEE719E27BCEEF800C8829D /* Build configuration list for PBXProject "MovieBookingApp2" */;
			compatibilityVersion = "Xcode 13.0";
			developmentRegion = en;
			hasScannedForEncodings = 0;
			knownRegions = (
				en,
				Base,
			);
			mainGroup = 4FEE719A27BCEEF800C8829D;
			productRefGroup = 4FEE71A427BCEEF800C8829D /* Products */;
			projectDirPath = "";
			projectRoot = "";
			targets = (
				4FEE71A227BCEEF800C8829D /* MovieBookingApp2 */,
			);
		};
/* End PBXProject section */

/* Begin PBXResourcesBuildPhase section */
		4FEE71A127BCEEF800C8829D /* Resources */ = {
			isa = PBXResourcesBuildPhase;
			buildActionMask = 2147483647;
			files = (
				4FDE886127C1EBDE00E43789 /* MovieSeatCollectionViewCell.xib in Resources */,
				4FEE71B327BCEEF900C8829D /* LaunchScreen.storyboard in Resources */,
				4F1127E927BD171900CBE96D /* TimeCollectionViewCell.xib in Resources */,
				4FEE71B027BCEEF900C8829D /* Assets.xcassets in Resources */,
				4FDE886927C20C6000E43789 /* CardCollectionViewCell.xib in Resources */,
				4F41691427C3725E0025C25D /* CastCollectionViewCell.xib in Resources */,
				4F1127E527BD157700CBE96D /* DayCollectionViewCell.xib in Resources */,
				4F41691D27C39C4B0025C25D /* SnackCollectionViewCell.xib in Resources */,
				4FEE71AE27BCEEF800C8829D /* Main.storyboard in Resources */,
				4F41691027C36B570025C25D /* GenreCollectionViewCell.xib in Resources */,
				4F41692127C3CF130025C25D /* PaymentMethodCollectionViewCell.xib in Resources */,
				4FCB6ADE27BD0882004CC300 /* MovieCollectionViewCell.xib in Resources */,
			);
			runOnlyForDeploymentPostprocessing = 0;
		};
/* End PBXResourcesBuildPhase section */

/* Begin PBXShellScriptBuildPhase section */
		277ADAF1DB8690576E3C88E1 /* [CP] Embed Pods Frameworks */ = {
			isa = PBXShellScriptBuildPhase;
			buildActionMask = 2147483647;
			files = (
			);
			inputFileListPaths = (
				"${PODS_ROOT}/Target Support Files/Pods-MovieBookingApp2/Pods-MovieBookingApp2-frameworks-${CONFIGURATION}-input-files.xcfilelist",
			);
			name = "[CP] Embed Pods Frameworks";
			outputFileListPaths = (
				"${PODS_ROOT}/Target Support Files/Pods-MovieBookingApp2/Pods-MovieBookingApp2-frameworks-${CONFIGURATION}-output-files.xcfilelist",
			);
			runOnlyForDeploymentPostprocessing = 0;
			shellPath = /bin/sh;
			shellScript = "\"${PODS_ROOT}/Target Support Files/Pods-MovieBookingApp2/Pods-MovieBookingApp2-frameworks.sh\"\n";
			showEnvVarsInLog = 0;
		};
		DA8ADC72583E3AA2F01CEA5F /* [CP] Check Pods Manifest.lock */ = {
			isa = PBXShellScriptBuildPhase;
			buildActionMask = 2147483647;
			files = (
			);
			inputFileListPaths = (
			);
			inputPaths = (
				"${PODS_PODFILE_DIR_PATH}/Podfile.lock",
				"${PODS_ROOT}/Manifest.lock",
			);
			name = "[CP] Check Pods Manifest.lock";
			outputFileListPaths = (
			);
			outputPaths = (
				"$(DERIVED_FILE_DIR)/Pods-MovieBookingApp2-checkManifestLockResult.txt",
			);
			runOnlyForDeploymentPostprocessing = 0;
			shellPath = /bin/sh;
			shellScript = "diff \"${PODS_PODFILE_DIR_PATH}/Podfile.lock\" \"${PODS_ROOT}/Manifest.lock\" > /dev/null\nif [ $? != 0 ] ; then\n    # print error to STDERR\n    echo \"error: The sandbox is not in sync with the Podfile.lock. Run 'pod install' or update your CocoaPods installation.\" >&2\n    exit 1\nfi\n# This output is used by Xcode 'outputs' to avoid re-running this script phase.\necho \"SUCCESS\" > \"${SCRIPT_OUTPUT_FILE_0}\"\n";
			showEnvVarsInLog = 0;
		};
/* End PBXShellScriptBuildPhase section */

/* Begin PBXSourcesBuildPhase section */
		4FEE719F27BCEEF800C8829D /* Sources */ = {
			isa = PBXSourcesBuildPhase;
			buildActionMask = 2147483647;
			files = (
				4F9161DC27FAD71A0046FCA2 /* ApiResponse.swift in Sources */,
				4FFEC87E27FF2BE5005AAFCF /* TimeSlotVO.swift in Sources */,
				4FDE885D27C1E79000E43789 /* DummyData.swift in Sources */,
				4FEE71AB27BCEEF800C8829D /* HomeViewController.swift in Sources */,
				4FF4BF962801D8A300FAB437 /* SnackModel.swift in Sources */,
				4FEE71A727BCEEF800C8829D /* AppDelegate.swift in Sources */,
				4FFEC87A27FF22D3005AAFCF /* CinemaModel.swift in Sources */,
				4FDE886027C1EBDE00E43789 /* MovieSeatCollectionViewCell.swift in Sources */,
				4F5E594D27C3461B00B0206B /* MovieDetailViewController.swift in Sources */,
				4F9161DE27FADE440046FCA2 /* UserCredentialsVO.swift in Sources */,
				4FDE885727C1E5E000E43789 /* SeatVO.swift in Sources */,
				4F9161D627FAD5220046FCA2 /* ProfileVO.swift in Sources */,
				4F348B3027FC8B3500EE19EF /* MovieVO.swift in Sources */,
				4FDE885A27C1E6E500E43789 /* AppConstants.swift in Sources */,
				4F9161D827FAD5A00046FCA2 /* AlamofireAgent.swift in Sources */,
				4F9161D227FAD4AD0046FCA2 /* NetworkingAgent.swift in Sources */,
				4F348B3227FC8D8C00EE19EF /* MovieModel.swift in Sources */,
				4F5C9FEA27FC5C4A002B9636 /* ProfileRepository.swift in Sources */,
				4F41691C27C39C4B0025C25D /* SnackCollectionViewCell.swift in Sources */,
				4FDE886F27C2711900E43789 /* Router.swift in Sources */,
				4F5C9FF327FC5FA5002B9636 /* CardVO.swift in Sources */,
				4FC5ADD327FBFE1E008B8B9D /* Extensions.swift in Sources */,
				4FFEC87827FF21B7005AAFCF /* CinemaRepository.swift in Sources */,
				4FAF01EE28052BDF0000C459 /* PaymentMethodModel.swift in Sources */,
				4F41690F27C36B570025C25D /* GenreCollectionViewCell.swift in Sources */,
				4FF4BF902801596A00FAB437 /* SeatPlanVO.swift in Sources */,
				4FAF01EC28052ABC0000C459 /* PaymentMethodVO.swift in Sources */,
				4FF4BF942801D6B900FAB437 /* SnackRepository.swift in Sources */,
				4F41691327C3725E0025C25D /* CastCollectionViewCell.swift in Sources */,
				4F5C9FEC27FC5CB1002B9636 /* BaseRepository.swift in Sources */,
				4F8BF4AB27FDA14300B3E55A /* DateHelper.swift in Sources */,
				4FCB6ADD27BD0882004CC300 /* MovieCollectionViewCell.swift in Sources */,
				4F9161D427FAD4D70046FCA2 /* MBAResult.swift in Sources */,
				4FDE886B27C22E6B00E43789 /* TicketViewController.swift in Sources */,
				4FDE886527C1FFFF00E43789 /* PaymentViewController.swift in Sources */,
				4FF4BF922801D4AF00FAB437 /* SnackVO.swift in Sources */,
				4FFEC87C27FF2BD1005AAFCF /* CinemaDayTimeSlotVO.swift in Sources */,
				4FFEC87627FF208A005AAFCF /* CinemaVO.swift in Sources */,
				4F41692027C3CF130025C25D /* PaymentMethodCollectionViewCell.swift in Sources */,
				4FAF01F028052F310000C459 /* PaymentMethodRepository.swift in Sources */,
				4FEC672F27C358F2009F1275 /* RatingControl.swift in Sources */,
				4FDE886827C20C6000E43789 /* CardCollectionViewCell.swift in Sources */,
				4FCB6AD727BD0760004CC300 /* ViewExtensions.swift in Sources */,
				4FC3601E27C27ECF00296494 /* AuthenticationViewController.swift in Sources */,
				4F782CFE2807E57900C939FB /* CourierVO.swift in Sources */,
				4FC5ADCF27FBE381008B8B9D /* GoogleAuth.swift in Sources */,
				4F5C9FE727FC562D002B9636 /* AuthModel.swift in Sources */,
				4FDE886327C1ED0E00E43789 /* MovieSeatViewController.swift in Sources */,
				4F92F5F52809C6B00048C953 /* CheckoutVO.swift in Sources */,
				4F1127E427BD157700CBE96D /* DayCollectionViewCell.swift in Sources */,
				4F782D002807F3CB00C939FB /* FilmVO.swift in Sources */,
				4F8BF4A927FD40CF00B3E55A /* CastVO.swift in Sources */,
				4F03DFD227C0D1C300177313 /* SnackViewController.swift in Sources */,
				4F782D2A28093D6B00C939FB /* TimeSlotHeaderView.swift in Sources */,
				4F348B3427FC96F500EE19EF /* MovieRepository.swift in Sources */,
				4F1127E827BD171900CBE96D /* TimeCollectionViewCell.swift in Sources */,
				4F1127E127BD137F00CBE96D /* MovieTimeViewController.swift in Sources */,
				4FC5ADD127FBFCAE008B8B9D /* InputValidation.swift in Sources */,
				4F348B3627FC9D6000EE19EF /* RealmDb.swift in Sources */,
				4FDE886D27C266DC00E43789 /* LandingViewController.swift in Sources */,
				4F9161DA27FAD5D70046FCA2 /* MBAEndpoint.swift in Sources */,
				4FEE71A927BCEEF800C8829D /* SceneDelegate.swift in Sources */,
				4F41692327C3DB2B0025C25D /* AddNewCardViewController.swift in Sources */,
			);
			runOnlyForDeploymentPostprocessing = 0;
		};
/* End PBXSourcesBuildPhase section */

/* Begin PBXVariantGroup section */
		4FEE71AC27BCEEF800C8829D /* Main.storyboard */ = {
			isa = PBXVariantGroup;
			children = (
				4FEE71AD27BCEEF800C8829D /* Base */,
			);
			name = Main.storyboard;
			sourceTree = "<group>";
		};
		4FEE71B127BCEEF900C8829D /* LaunchScreen.storyboard */ = {
			isa = PBXVariantGroup;
			children = (
				4FEE71B227BCEEF900C8829D /* Base */,
			);
			name = LaunchScreen.storyboard;
			sourceTree = "<group>";
		};
/* End PBXVariantGroup section */

/* Begin XCBuildConfiguration section */
		4FEE71B527BCEEF900C8829D /* Debug */ = {
			isa = XCBuildConfiguration;
			buildSettings = {
				ALWAYS_SEARCH_USER_PATHS = NO;
				CLANG_ANALYZER_NONNULL = YES;
				CLANG_ANALYZER_NUMBER_OBJECT_CONVERSION = YES_AGGRESSIVE;
				CLANG_CXX_LANGUAGE_STANDARD = "gnu++17";
				CLANG_CXX_LIBRARY = "libc++";
				CLANG_ENABLE_MODULES = YES;
				CLANG_ENABLE_OBJC_ARC = YES;
				CLANG_ENABLE_OBJC_WEAK = YES;
				CLANG_WARN_BLOCK_CAPTURE_AUTORELEASING = YES;
				CLANG_WARN_BOOL_CONVERSION = YES;
				CLANG_WARN_COMMA = YES;
				CLANG_WARN_CONSTANT_CONVERSION = YES;
				CLANG_WARN_DEPRECATED_OBJC_IMPLEMENTATIONS = YES;
				CLANG_WARN_DIRECT_OBJC_ISA_USAGE = YES_ERROR;
				CLANG_WARN_DOCUMENTATION_COMMENTS = YES;
				CLANG_WARN_EMPTY_BODY = YES;
				CLANG_WARN_ENUM_CONVERSION = YES;
				CLANG_WARN_INFINITE_RECURSION = YES;
				CLANG_WARN_INT_CONVERSION = YES;
				CLANG_WARN_NON_LITERAL_NULL_CONVERSION = YES;
				CLANG_WARN_OBJC_IMPLICIT_RETAIN_SELF = YES;
				CLANG_WARN_OBJC_LITERAL_CONVERSION = YES;
				CLANG_WARN_OBJC_ROOT_CLASS = YES_ERROR;
				CLANG_WARN_QUOTED_INCLUDE_IN_FRAMEWORK_HEADER = YES;
				CLANG_WARN_RANGE_LOOP_ANALYSIS = YES;
				CLANG_WARN_STRICT_PROTOTYPES = YES;
				CLANG_WARN_SUSPICIOUS_MOVE = YES;
				CLANG_WARN_UNGUARDED_AVAILABILITY = YES_AGGRESSIVE;
				CLANG_WARN_UNREACHABLE_CODE = YES;
				CLANG_WARN__DUPLICATE_METHOD_MATCH = YES;
				COPY_PHASE_STRIP = NO;
				DEBUG_INFORMATION_FORMAT = dwarf;
				ENABLE_STRICT_OBJC_MSGSEND = YES;
				ENABLE_TESTABILITY = YES;
				GCC_C_LANGUAGE_STANDARD = gnu11;
				GCC_DYNAMIC_NO_PIC = NO;
				GCC_NO_COMMON_BLOCKS = YES;
				GCC_OPTIMIZATION_LEVEL = 0;
				GCC_PREPROCESSOR_DEFINITIONS = (
					"DEBUG=1",
					"$(inherited)",
				);
				GCC_WARN_64_TO_32_BIT_CONVERSION = YES;
				GCC_WARN_ABOUT_RETURN_TYPE = YES_ERROR;
				GCC_WARN_UNDECLARED_SELECTOR = YES;
				GCC_WARN_UNINITIALIZED_AUTOS = YES_AGGRESSIVE;
				GCC_WARN_UNUSED_FUNCTION = YES;
				GCC_WARN_UNUSED_VARIABLE = YES;
				IPHONEOS_DEPLOYMENT_TARGET = 15.2;
				MTL_ENABLE_DEBUG_INFO = INCLUDE_SOURCE;
				MTL_FAST_MATH = YES;
				ONLY_ACTIVE_ARCH = YES;
				SDKROOT = iphoneos;
				SWIFT_ACTIVE_COMPILATION_CONDITIONS = DEBUG;
				SWIFT_OPTIMIZATION_LEVEL = "-Onone";
			};
			name = Debug;
		};
		4FEE71B627BCEEF900C8829D /* Release */ = {
			isa = XCBuildConfiguration;
			buildSettings = {
				ALWAYS_SEARCH_USER_PATHS = NO;
				CLANG_ANALYZER_NONNULL = YES;
				CLANG_ANALYZER_NUMBER_OBJECT_CONVERSION = YES_AGGRESSIVE;
				CLANG_CXX_LANGUAGE_STANDARD = "gnu++17";
				CLANG_CXX_LIBRARY = "libc++";
				CLANG_ENABLE_MODULES = YES;
				CLANG_ENABLE_OBJC_ARC = YES;
				CLANG_ENABLE_OBJC_WEAK = YES;
				CLANG_WARN_BLOCK_CAPTURE_AUTORELEASING = YES;
				CLANG_WARN_BOOL_CONVERSION = YES;
				CLANG_WARN_COMMA = YES;
				CLANG_WARN_CONSTANT_CONVERSION = YES;
				CLANG_WARN_DEPRECATED_OBJC_IMPLEMENTATIONS = YES;
				CLANG_WARN_DIRECT_OBJC_ISA_USAGE = YES_ERROR;
				CLANG_WARN_DOCUMENTATION_COMMENTS = YES;
				CLANG_WARN_EMPTY_BODY = YES;
				CLANG_WARN_ENUM_CONVERSION = YES;
				CLANG_WARN_INFINITE_RECURSION = YES;
				CLANG_WARN_INT_CONVERSION = YES;
				CLANG_WARN_NON_LITERAL_NULL_CONVERSION = YES;
				CLANG_WARN_OBJC_IMPLICIT_RETAIN_SELF = YES;
				CLANG_WARN_OBJC_LITERAL_CONVERSION = YES;
				CLANG_WARN_OBJC_ROOT_CLASS = YES_ERROR;
				CLANG_WARN_QUOTED_INCLUDE_IN_FRAMEWORK_HEADER = YES;
				CLANG_WARN_RANGE_LOOP_ANALYSIS = YES;
				CLANG_WARN_STRICT_PROTOTYPES = YES;
				CLANG_WARN_SUSPICIOUS_MOVE = YES;
				CLANG_WARN_UNGUARDED_AVAILABILITY = YES_AGGRESSIVE;
				CLANG_WARN_UNREACHABLE_CODE = YES;
				CLANG_WARN__DUPLICATE_METHOD_MATCH = YES;
				COPY_PHASE_STRIP = NO;
				DEBUG_INFORMATION_FORMAT = "dwarf-with-dsym";
				ENABLE_NS_ASSERTIONS = NO;
				ENABLE_STRICT_OBJC_MSGSEND = YES;
				GCC_C_LANGUAGE_STANDARD = gnu11;
				GCC_NO_COMMON_BLOCKS = YES;
				GCC_WARN_64_TO_32_BIT_CONVERSION = YES;
				GCC_WARN_ABOUT_RETURN_TYPE = YES_ERROR;
				GCC_WARN_UNDECLARED_SELECTOR = YES;
				GCC_WARN_UNINITIALIZED_AUTOS = YES_AGGRESSIVE;
				GCC_WARN_UNUSED_FUNCTION = YES;
				GCC_WARN_UNUSED_VARIABLE = YES;
				IPHONEOS_DEPLOYMENT_TARGET = 15.2;
				MTL_ENABLE_DEBUG_INFO = NO;
				MTL_FAST_MATH = YES;
				SDKROOT = iphoneos;
				SWIFT_COMPILATION_MODE = wholemodule;
				SWIFT_OPTIMIZATION_LEVEL = "-O";
				VALIDATE_PRODUCT = YES;
			};
			name = Release;
		};
		4FEE71B827BCEEF900C8829D /* Debug */ = {
			isa = XCBuildConfiguration;
			baseConfigurationReference = 1791B1B8BA8D6FED8693E8D8 /* Pods-MovieBookingApp2.debug.xcconfig */;
			buildSettings = {
				ASSETCATALOG_COMPILER_APPICON_NAME = AppIcon;
				ASSETCATALOG_COMPILER_GLOBAL_ACCENT_COLOR_NAME = AccentColor;
				CODE_SIGN_STYLE = Automatic;
				CURRENT_PROJECT_VERSION = 1;
				DEVELOPMENT_TEAM = SJ3KSHTH38;
				GENERATE_INFOPLIST_FILE = YES;
				INFOPLIST_FILE = MovieBookingApp2/Info.plist;
				INFOPLIST_KEY_UIApplicationSupportsIndirectInputEvents = YES;
				INFOPLIST_KEY_UILaunchStoryboardName = LaunchScreen;
				INFOPLIST_KEY_UIMainStoryboardFile = Main;
				INFOPLIST_KEY_UISupportedInterfaceOrientations_iPad = "UIInterfaceOrientationPortrait UIInterfaceOrientationPortraitUpsideDown UIInterfaceOrientationLandscapeLeft UIInterfaceOrientationLandscapeRight";
				INFOPLIST_KEY_UISupportedInterfaceOrientations_iPhone = "UIInterfaceOrientationPortrait UIInterfaceOrientationLandscapeLeft UIInterfaceOrientationLandscapeRight";
				LD_RUNPATH_SEARCH_PATHS = (
					"$(inherited)",
					"@executable_path/Frameworks",
				);
				MARKETING_VERSION = 1.0;
				PRODUCT_BUNDLE_IDENTIFIER = com.kira.MovieBookingApp2;
				PRODUCT_NAME = "$(TARGET_NAME)";
				SWIFT_EMIT_LOC_STRINGS = YES;
				SWIFT_VERSION = 5.0;
				TARGETED_DEVICE_FAMILY = "1,2";
			};
			name = Debug;
		};
		4FEE71B927BCEEF900C8829D /* Release */ = {
			isa = XCBuildConfiguration;
			baseConfigurationReference = 680D74C0D160992A614310E1 /* Pods-MovieBookingApp2.release.xcconfig */;
			buildSettings = {
				ASSETCATALOG_COMPILER_APPICON_NAME = AppIcon;
				ASSETCATALOG_COMPILER_GLOBAL_ACCENT_COLOR_NAME = AccentColor;
				CODE_SIGN_STYLE = Automatic;
				CURRENT_PROJECT_VERSION = 1;
				DEVELOPMENT_TEAM = SJ3KSHTH38;
				GENERATE_INFOPLIST_FILE = YES;
				INFOPLIST_FILE = MovieBookingApp2/Info.plist;
				INFOPLIST_KEY_UIApplicationSupportsIndirectInputEvents = YES;
				INFOPLIST_KEY_UILaunchStoryboardName = LaunchScreen;
				INFOPLIST_KEY_UIMainStoryboardFile = Main;
				INFOPLIST_KEY_UISupportedInterfaceOrientations_iPad = "UIInterfaceOrientationPortrait UIInterfaceOrientationPortraitUpsideDown UIInterfaceOrientationLandscapeLeft UIInterfaceOrientationLandscapeRight";
				INFOPLIST_KEY_UISupportedInterfaceOrientations_iPhone = "UIInterfaceOrientationPortrait UIInterfaceOrientationLandscapeLeft UIInterfaceOrientationLandscapeRight";
				LD_RUNPATH_SEARCH_PATHS = (
					"$(inherited)",
					"@executable_path/Frameworks",
				);
				MARKETING_VERSION = 1.0;
				PRODUCT_BUNDLE_IDENTIFIER = com.kira.MovieBookingApp2;
				PRODUCT_NAME = "$(TARGET_NAME)";
				SWIFT_EMIT_LOC_STRINGS = YES;
				SWIFT_VERSION = 5.0;
				TARGETED_DEVICE_FAMILY = "1,2";
			};
			name = Release;
		};
/* End XCBuildConfiguration section */

/* Begin XCConfigurationList section */
		4FEE719E27BCEEF800C8829D /* Build configuration list for PBXProject "MovieBookingApp2" */ = {
			isa = XCConfigurationList;
			buildConfigurations = (
				4FEE71B527BCEEF900C8829D /* Debug */,
				4FEE71B627BCEEF900C8829D /* Release */,
			);
			defaultConfigurationIsVisible = 0;
			defaultConfigurationName = Release;
		};
		4FEE71B727BCEEF900C8829D /* Build configuration list for PBXNativeTarget "MovieBookingApp2" */ = {
			isa = XCConfigurationList;
			buildConfigurations = (
				4FEE71B827BCEEF900C8829D /* Debug */,
				4FEE71B927BCEEF900C8829D /* Release */,
			);
			defaultConfigurationIsVisible = 0;
			defaultConfigurationName = Release;
		};
/* End XCConfigurationList section */
	};
	rootObject = 4FEE719B27BCEEF800C8829D /* Project object */;
}
