// !$*UTF8*$!
{
	archiveVersion = 1;
	classes = {
	};
	objectVersion = 55;
	objects = {

/* Begin PBXBuildFile section */
		4F03DFD227C0D1C300177313 /* SnackViewController.swift in Sources */ = {isa = PBXBuildFile; fileRef = 4F03DFD127C0D1C300177313 /* SnackViewController.swift */; };
		4F1127E127BD137F00CBE96D /* MovieTimeViewController.swift in Sources */ = {isa = PBXBuildFile; fileRef = 4F1127E027BD137F00CBE96D /* MovieTimeViewController.swift */; };
		4F1127E427BD157700CBE96D /* DayCollectionViewCell.swift in Sources */ = {isa = PBXBuildFile; fileRef = 4F1127E227BD157700CBE96D /* DayCollectionViewCell.swift */; };
		4F1127E527BD157700CBE96D /* DayCollectionViewCell.xib in Resources */ = {isa = PBXBuildFile; fileRef = 4F1127E327BD157700CBE96D /* DayCollectionViewCell.xib */; };
		4F1127E827BD171900CBE96D /* TimeCollectionViewCell.swift in Sources */ = {isa = PBXBuildFile; fileRef = 4F1127E627BD171900CBE96D /* TimeCollectionViewCell.swift */; };
		4F1127E927BD171900CBE96D /* TimeCollectionViewCell.xib in Resources */ = {isa = PBXBuildFile; fileRef = 4F1127E727BD171900CBE96D /* TimeCollectionViewCell.xib */; };
		4F5E594D27C3461B00B0206B /* MovieDetailViewController.swift in Sources */ = {isa = PBXBuildFile; fileRef = 4F5E594C27C3461B00B0206B /* MovieDetailViewController.swift */; };
		4FC3601E27C27ECF00296494 /* AuthenticationViewController.swift in Sources */ = {isa = PBXBuildFile; fileRef = 4FC3601D27C27ECF00296494 /* AuthenticationViewController.swift */; };
		4FCB6AD727BD0760004CC300 /* ViewExtensions.swift in Sources */ = {isa = PBXBuildFile; fileRef = 4FCB6AD627BD0760004CC300 /* ViewExtensions.swift */; };
		4FCB6ADD27BD0882004CC300 /* MovieCollectionViewCell.swift in Sources */ = {isa = PBXBuildFile; fileRef = 4FCB6ADB27BD0882004CC300 /* MovieCollectionViewCell.swift */; };
		4FCB6ADE27BD0882004CC300 /* MovieCollectionViewCell.xib in Resources */ = {isa = PBXBuildFile; fileRef = 4FCB6ADC27BD0882004CC300 /* MovieCollectionViewCell.xib */; };
		4FDE885727C1E5E000E43789 /* MovieSeatVO.swift in Sources */ = {isa = PBXBuildFile; fileRef = 4FDE885627C1E5E000E43789 /* MovieSeatVO.swift */; };
		4FDE885A27C1E6E500E43789 /* AppConstants.swift in Sources */ = {isa = PBXBuildFile; fileRef = 4FDE885927C1E6E500E43789 /* AppConstants.swift */; };
		4FDE885D27C1E79000E43789 /* DummyData.swift in Sources */ = {isa = PBXBuildFile; fileRef = 4FDE885C27C1E79000E43789 /* DummyData.swift */; };
		4FDE886027C1EBDE00E43789 /* MovieSeatCollectionViewCell.swift in Sources */ = {isa = PBXBuildFile; fileRef = 4FDE885E27C1EBDE00E43789 /* MovieSeatCollectionViewCell.swift */; };
		4FDE886127C1EBDE00E43789 /* MovieSeatCollectionViewCell.xib in Resources */ = {isa = PBXBuildFile; fileRef = 4FDE885F27C1EBDE00E43789 /* MovieSeatCollectionViewCell.xib */; };
		4FDE886327C1ED0E00E43789 /* MovieSeatViewController.swift in Sources */ = {isa = PBXBuildFile; fileRef = 4FDE886227C1ED0E00E43789 /* MovieSeatViewController.swift */; };
		4FDE886527C1FFFF00E43789 /* PaymentViewController.swift in Sources */ = {isa = PBXBuildFile; fileRef = 4FDE886427C1FFFF00E43789 /* PaymentViewController.swift */; };
		4FDE886827C20C6000E43789 /* CardCollectionViewCell.swift in Sources */ = {isa = PBXBuildFile; fileRef = 4FDE886627C20C6000E43789 /* CardCollectionViewCell.swift */; };
		4FDE886927C20C6000E43789 /* CardCollectionViewCell.xib in Resources */ = {isa = PBXBuildFile; fileRef = 4FDE886727C20C6000E43789 /* CardCollectionViewCell.xib */; };
		4FDE886B27C22E6B00E43789 /* TicketViewController.swift in Sources */ = {isa = PBXBuildFile; fileRef = 4FDE886A27C22E6B00E43789 /* TicketViewController.swift */; };
		4FDE886D27C266DC00E43789 /* LandingViewController.swift in Sources */ = {isa = PBXBuildFile; fileRef = 4FDE886C27C266DC00E43789 /* LandingViewController.swift */; };
		4FDE886F27C2711900E43789 /* Router.swift in Sources */ = {isa = PBXBuildFile; fileRef = 4FDE886E27C2711900E43789 /* Router.swift */; };
		4FEC672F27C358F2009F1275 /* RatingControl.swift in Sources */ = {isa = PBXBuildFile; fileRef = 4FEC672E27C358F2009F1275 /* RatingControl.swift */; };
		4FEE71A727BCEEF800C8829D /* AppDelegate.swift in Sources */ = {isa = PBXBuildFile; fileRef = 4FEE71A627BCEEF800C8829D /* AppDelegate.swift */; };
		4FEE71A927BCEEF800C8829D /* SceneDelegate.swift in Sources */ = {isa = PBXBuildFile; fileRef = 4FEE71A827BCEEF800C8829D /* SceneDelegate.swift */; };
		4FEE71AB27BCEEF800C8829D /* HomeViewController.swift in Sources */ = {isa = PBXBuildFile; fileRef = 4FEE71AA27BCEEF800C8829D /* HomeViewController.swift */; };
		4FEE71AE27BCEEF800C8829D /* Main.storyboard in Resources */ = {isa = PBXBuildFile; fileRef = 4FEE71AC27BCEEF800C8829D /* Main.storyboard */; };
		4FEE71B027BCEEF900C8829D /* Assets.xcassets in Resources */ = {isa = PBXBuildFile; fileRef = 4FEE71AF27BCEEF900C8829D /* Assets.xcassets */; };
		4FEE71B327BCEEF900C8829D /* LaunchScreen.storyboard in Resources */ = {isa = PBXBuildFile; fileRef = 4FEE71B127BCEEF900C8829D /* LaunchScreen.storyboard */; };
		87279EB4DEC7E1BF7E3BEE1D /* Pods_MovieBookingApp2.framework in Frameworks */ = {isa = PBXBuildFile; fileRef = 740E6E2A9F36C1CABBB7D128 /* Pods_MovieBookingApp2.framework */; };
/* End PBXBuildFile section */

/* Begin PBXFileReference section */
		1791B1B8BA8D6FED8693E8D8 /* Pods-MovieBookingApp2.debug.xcconfig */ = {isa = PBXFileReference; includeInIndex = 1; lastKnownFileType = text.xcconfig; name = "Pods-MovieBookingApp2.debug.xcconfig"; path = "Target Support Files/Pods-MovieBookingApp2/Pods-MovieBookingApp2.debug.xcconfig"; sourceTree = "<group>"; };
		4F03DFD127C0D1C300177313 /* SnackViewController.swift */ = {isa = PBXFileReference; lastKnownFileType = sourcecode.swift; path = SnackViewController.swift; sourceTree = "<group>"; };
		4F1127E027BD137F00CBE96D /* MovieTimeViewController.swift */ = {isa = PBXFileReference; lastKnownFileType = sourcecode.swift; path = MovieTimeViewController.swift; sourceTree = "<group>"; };
		4F1127E227BD157700CBE96D /* DayCollectionViewCell.swift */ = {isa = PBXFileReference; lastKnownFileType = sourcecode.swift; path = DayCollectionViewCell.swift; sourceTree = "<group>"; };
		4F1127E327BD157700CBE96D /* DayCollectionViewCell.xib */ = {isa = PBXFileReference; lastKnownFileType = file.xib; path = DayCollectionViewCell.xib; sourceTree = "<group>"; };
		4F1127E627BD171900CBE96D /* TimeCollectionViewCell.swift */ = {isa = PBXFileReference; lastKnownFileType = sourcecode.swift; path = TimeCollectionViewCell.swift; sourceTree = "<group>"; };
		4F1127E727BD171900CBE96D /* TimeCollectionViewCell.xib */ = {isa = PBXFileReference; lastKnownFileType = file.xib; path = TimeCollectionViewCell.xib; sourceTree = "<group>"; };
		4F5E594C27C3461B00B0206B /* MovieDetailViewController.swift */ = {isa = PBXFileReference; lastKnownFileType = sourcecode.swift; path = MovieDetailViewController.swift; sourceTree = "<group>"; };
		4FC3601D27C27ECF00296494 /* AuthenticationViewController.swift */ = {isa = PBXFileReference; lastKnownFileType = sourcecode.swift; path = AuthenticationViewController.swift; sourceTree = "<group>"; };
		4FCB6AD627BD0760004CC300 /* ViewExtensions.swift */ = {isa = PBXFileReference; lastKnownFileType = sourcecode.swift; path = ViewExtensions.swift; sourceTree = "<group>"; };
		4FCB6ADB27BD0882004CC300 /* MovieCollectionViewCell.swift */ = {isa = PBXFileReference; lastKnownFileType = sourcecode.swift; path = MovieCollectionViewCell.swift; sourceTree = "<group>"; };
		4FCB6ADC27BD0882004CC300 /* MovieCollectionViewCell.xib */ = {isa = PBXFileReference; lastKnownFileType = file.xib; path = MovieCollectionViewCell.xib; sourceTree = "<group>"; };
		4FDE885627C1E5E000E43789 /* MovieSeatVO.swift */ = {isa = PBXFileReference; lastKnownFileType = sourcecode.swift; path = MovieSeatVO.swift; sourceTree = "<group>"; };
		4FDE885927C1E6E500E43789 /* AppConstants.swift */ = {isa = PBXFileReference; lastKnownFileType = sourcecode.swift; path = AppConstants.swift; sourceTree = "<group>"; };
		4FDE885C27C1E79000E43789 /* DummyData.swift */ = {isa = PBXFileReference; lastKnownFileType = sourcecode.swift; path = DummyData.swift; sourceTree = "<group>"; };
		4FDE885E27C1EBDE00E43789 /* MovieSeatCollectionViewCell.swift */ = {isa = PBXFileReference; lastKnownFileType = sourcecode.swift; path = MovieSeatCollectionViewCell.swift; sourceTree = "<group>"; };
		4FDE885F27C1EBDE00E43789 /* MovieSeatCollectionViewCell.xib */ = {isa = PBXFileReference; lastKnownFileType = file.xib; path = MovieSeatCollectionViewCell.xib; sourceTree = "<group>"; };
		4FDE886227C1ED0E00E43789 /* MovieSeatViewController.swift */ = {isa = PBXFileReference; lastKnownFileType = sourcecode.swift; path = MovieSeatViewController.swift; sourceTree = "<group>"; };
		4FDE886427C1FFFF00E43789 /* PaymentViewController.swift */ = {isa = PBXFileReference; lastKnownFileType = sourcecode.swift; path = PaymentViewController.swift; sourceTree = "<group>"; };
		4FDE886627C20C6000E43789 /* CardCollectionViewCell.swift */ = {isa = PBXFileReference; lastKnownFileType = sourcecode.swift; path = CardCollectionViewCell.swift; sourceTree = "<group>"; };
		4FDE886727C20C6000E43789 /* CardCollectionViewCell.xib */ = {isa = PBXFileReference; lastKnownFileType = file.xib; path = CardCollectionViewCell.xib; sourceTree = "<group>"; };
		4FDE886A27C22E6B00E43789 /* TicketViewController.swift */ = {isa = PBXFileReference; lastKnownFileType = sourcecode.swift; path = TicketViewController.swift; sourceTree = "<group>"; };
		4FDE886C27C266DC00E43789 /* LandingViewController.swift */ = {isa = PBXFileReference; lastKnownFileType = sourcecode.swift; path = LandingViewController.swift; sourceTree = "<group>"; };
		4FDE886E27C2711900E43789 /* Router.swift */ = {isa = PBXFileReference; lastKnownFileType = sourcecode.swift; path = Router.swift; sourceTree = "<group>"; };
		4FEC672E27C358F2009F1275 /* RatingControl.swift */ = {isa = PBXFileReference; lastKnownFileType = sourcecode.swift; path = RatingControl.swift; sourceTree = "<group>"; };
		4FEE71A327BCEEF800C8829D /* MovieBookingApp2.app */ = {isa = PBXFileReference; explicitFileType = wrapper.application; includeInIndex = 0; path = MovieBookingApp2.app; sourceTree = BUILT_PRODUCTS_DIR; };
		4FEE71A627BCEEF800C8829D /* AppDelegate.swift */ = {isa = PBXFileReference; lastKnownFileType = sourcecode.swift; path = AppDelegate.swift; sourceTree = "<group>"; };
		4FEE71A827BCEEF800C8829D /* SceneDelegate.swift */ = {isa = PBXFileReference; lastKnownFileType = sourcecode.swift; path = SceneDelegate.swift; sourceTree = "<group>"; };
		4FEE71AA27BCEEF800C8829D /* HomeViewController.swift */ = {isa = PBXFileReference; lastKnownFileType = sourcecode.swift; path = HomeViewController.swift; sourceTree = "<group>"; };
		4FEE71AD27BCEEF800C8829D /* Base */ = {isa = PBXFileReference; lastKnownFileType = file.storyboard; name = Base; path = Base.lproj/Main.storyboard; sourceTree = "<group>"; };
		4FEE71AF27BCEEF900C8829D /* Assets.xcassets */ = {isa = PBXFileReference; lastKnownFileType = folder.assetcatalog; path = Assets.xcassets; sourceTree = "<group>"; };
		4FEE71B227BCEEF900C8829D /* Base */ = {isa = PBXFileReference; lastKnownFileType = file.storyboard; name = Base; path = Base.lproj/LaunchScreen.storyboard; sourceTree = "<group>"; };
		4FEE71B427BCEEF900C8829D /* Info.plist */ = {isa = PBXFileReference; lastKnownFileType = text.plist.xml; path = Info.plist; sourceTree = "<group>"; };
		680D74C0D160992A614310E1 /* Pods-MovieBookingApp2.release.xcconfig */ = {isa = PBXFileReference; includeInIndex = 1; lastKnownFileType = text.xcconfig; name = "Pods-MovieBookingApp2.release.xcconfig"; path = "Target Support Files/Pods-MovieBookingApp2/Pods-MovieBookingApp2.release.xcconfig"; sourceTree = "<group>"; };
		740E6E2A9F36C1CABBB7D128 /* Pods_MovieBookingApp2.framework */ = {isa = PBXFileReference; explicitFileType = wrapper.framework; includeInIndex = 0; path = Pods_MovieBookingApp2.framework; sourceTree = BUILT_PRODUCTS_DIR; };
/* End PBXFileReference section */

/* Begin PBXFrameworksBuildPhase section */
		4FEE71A027BCEEF800C8829D /* Frameworks */ = {
			isa = PBXFrameworksBuildPhase;
			buildActionMask = 2147483647;
			files = (
				87279EB4DEC7E1BF7E3BEE1D /* Pods_MovieBookingApp2.framework in Frameworks */,
			);
			runOnlyForDeploymentPostprocessing = 0;
		};
/* End PBXFrameworksBuildPhase section */

/* Begin PBXGroup section */
		410993C6FEC6E77A0C969070 /* Frameworks */ = {
			isa = PBXGroup;
			children = (
				740E6E2A9F36C1CABBB7D128 /* Pods_MovieBookingApp2.framework */,
			);
			name = Frameworks;
			sourceTree = "<group>";
		};
		45D9B6880799CCDBED197C51 /* Pods */ = {
			isa = PBXGroup;
			children = (
				1791B1B8BA8D6FED8693E8D8 /* Pods-MovieBookingApp2.debug.xcconfig */,
				680D74C0D160992A614310E1 /* Pods-MovieBookingApp2.release.xcconfig */,
			);
			path = Pods;
			sourceTree = "<group>";
		};
		4FCB6AD427BCEFAC004CC300 /* view controllers */ = {
			isa = PBXGroup;
			children = (
				4FEE71AA27BCEEF800C8829D /* HomeViewController.swift */,
				4F1127E027BD137F00CBE96D /* MovieTimeViewController.swift */,
				4F03DFD127C0D1C300177313 /* SnackViewController.swift */,
				4FDE886227C1ED0E00E43789 /* MovieSeatViewController.swift */,
				4FDE886427C1FFFF00E43789 /* PaymentViewController.swift */,
				4FDE886A27C22E6B00E43789 /* TicketViewController.swift */,
				4FDE886C27C266DC00E43789 /* LandingViewController.swift */,
				4FC3601D27C27ECF00296494 /* AuthenticationViewController.swift */,
				4F5E594C27C3461B00B0206B /* MovieDetailViewController.swift */,
			);
			path = "view controllers";
			sourceTree = "<group>";
		};
		4FCB6AD527BD074B004CC300 /* extensions */ = {
			isa = PBXGroup;
			children = (
				4FCB6AD627BD0760004CC300 /* ViewExtensions.swift */,
			);
			path = extensions;
			sourceTree = "<group>";
		};
		4FCB6AD827BD085E004CC300 /* cells */ = {
			isa = PBXGroup;
			children = (
				4FCB6AD927BD0866004CC300 /* swifts */,
				4FCB6ADA27BD086E004CC300 /* xibs */,
			);
			path = cells;
			sourceTree = "<group>";
		};
		4FCB6AD927BD0866004CC300 /* swifts */ = {
			isa = PBXGroup;
			children = (
				4FCB6ADB27BD0882004CC300 /* MovieCollectionViewCell.swift */,
				4F1127E227BD157700CBE96D /* DayCollectionViewCell.swift */,
				4F1127E627BD171900CBE96D /* TimeCollectionViewCell.swift */,
				4FDE885E27C1EBDE00E43789 /* MovieSeatCollectionViewCell.swift */,
				4FDE886627C20C6000E43789 /* CardCollectionViewCell.swift */,
			);
			path = swifts;
			sourceTree = "<group>";
		};
		4FCB6ADA27BD086E004CC300 /* xibs */ = {
			isa = PBXGroup;
			children = (
				4FCB6ADC27BD0882004CC300 /* MovieCollectionViewCell.xib */,
				4F1127E327BD157700CBE96D /* DayCollectionViewCell.xib */,
				4F1127E727BD171900CBE96D /* TimeCollectionViewCell.xib */,
				4FDE885F27C1EBDE00E43789 /* MovieSeatCollectionViewCell.xib */,
				4FDE886727C20C6000E43789 /* CardCollectionViewCell.xib */,
			);
			path = xibs;
			sourceTree = "<group>";
		};
		4FDE885427C1E5A300E43789 /* data */ = {
			isa = PBXGroup;
			children = (
				4FDE885527C1E5AB00E43789 /* vos */,
			);
			path = data;
			sourceTree = "<group>";
		};
		4FDE885527C1E5AB00E43789 /* vos */ = {
			isa = PBXGroup;
			children = (
				4FDE885627C1E5E000E43789 /* MovieSeatVO.swift */,
			);
			path = vos;
			sourceTree = "<group>";
		};
		4FDE885827C1E6CC00E43789 /* utils */ = {
			isa = PBXGroup;
			children = (
				4FDE885927C1E6E500E43789 /* AppConstants.swift */,
				4FDE886E27C2711900E43789 /* Router.swift */,
			);
			path = utils;
			sourceTree = "<group>";
		};
		4FDE885B27C1E77E00E43789 /* dummy */ = {
			isa = PBXGroup;
			children = (
				4FDE885C27C1E79000E43789 /* DummyData.swift */,
			);
			path = dummy;
			sourceTree = "<group>";
		};
		4FEC672D27C358D3009F1275 /* components */ = {
			isa = PBXGroup;
			children = (
				4FEC672E27C358F2009F1275 /* RatingControl.swift */,
			);
			path = components;
			sourceTree = "<group>";
		};
		4FEE719A27BCEEF800C8829D = {
			isa = PBXGroup;
			children = (
				4FEE71A527BCEEF800C8829D /* MovieBookingApp2 */,
				4FEE71A427BCEEF800C8829D /* Products */,
				45D9B6880799CCDBED197C51 /* Pods */,
				410993C6FEC6E77A0C969070 /* Frameworks */,
			);
			sourceTree = "<group>";
		};
		4FEE71A427BCEEF800C8829D /* Products */ = {
			isa = PBXGroup;
			children = (
				4FEE71A327BCEEF800C8829D /* MovieBookingApp2.app */,
			);
			name = Products;
			sourceTree = "<group>";
		};
		4FEE71A527BCEEF800C8829D /* MovieBookingApp2 */ = {
			isa = PBXGroup;
			children = (
				4FCB6AD827BD085E004CC300 /* cells */,
				4FEC672D27C358D3009F1275 /* components */,
				4FDE885427C1E5A300E43789 /* data */,
				4FDE885B27C1E77E00E43789 /* dummy */,
				4FCB6AD527BD074B004CC300 /* extensions */,
				4FDE885827C1E6CC00E43789 /* utils */,
				4FCB6AD427BCEFAC004CC300 /* view controllers */,
				4FEE71A627BCEEF800C8829D /* AppDelegate.swift */,
				4FEE71A827BCEEF800C8829D /* SceneDelegate.swift */,
				4FEE71AC27BCEEF800C8829D /* Main.storyboard */,
				4FEE71AF27BCEEF900C8829D /* Assets.xcassets */,
				4FEE71B127BCEEF900C8829D /* LaunchScreen.storyboard */,
				4FEE71B427BCEEF900C8829D /* Info.plist */,
			);
			path = MovieBookingApp2;
			sourceTree = "<group>";
		};
/* End PBXGroup section */

/* Begin PBXNativeTarget section */
		4FEE71A227BCEEF800C8829D /* MovieBookingApp2 */ = {
			isa = PBXNativeTarget;
			buildConfigurationList = 4FEE71B727BCEEF900C8829D /* Build configuration list for PBXNativeTarget "MovieBookingApp2" */;
			buildPhases = (
				DA8ADC72583E3AA2F01CEA5F /* [CP] Check Pods Manifest.lock */,
				4FEE719F27BCEEF800C8829D /* Sources */,
				4FEE71A027BCEEF800C8829D /* Frameworks */,
				4FEE71A127BCEEF800C8829D /* Resources */,
				277ADAF1DB8690576E3C88E1 /* [CP] Embed Pods Frameworks */,
			);
			buildRules = (
			);
			dependencies = (
			);
			name = MovieBookingApp2;
			productName = MovieBookingApp2;
			productReference = 4FEE71A327BCEEF800C8829D /* MovieBookingApp2.app */;
			productType = "com.apple.product-type.application";
		};
/* End PBXNativeTarget section */

/* Begin PBXProject section */
		4FEE719B27BCEEF800C8829D /* Project object */ = {
			isa = PBXProject;
			attributes = {
				BuildIndependentTargetsInParallel = 1;
				LastSwiftUpdateCheck = 1320;
				LastUpgradeCheck = 1320;
				TargetAttributes = {
					4FEE71A227BCEEF800C8829D = {
						CreatedOnToolsVersion = 13.2.1;
					};
				};
			};
			buildConfigurationList = 4FEE719E27BCEEF800C8829D /* Build configuration list for PBXProject "MovieBookingApp2" */;
			compatibilityVersion = "Xcode 13.0";
			developmentRegion = en;
			hasScannedForEncodings = 0;
			knownRegions = (
				en,
				Base,
			);
			mainGroup = 4FEE719A27BCEEF800C8829D;
			productRefGroup = 4FEE71A427BCEEF800C8829D /* Products */;
			projectDirPath = "";
			projectRoot = "";
			targets = (
				4FEE71A227BCEEF800C8829D /* MovieBookingApp2 */,
			);
		};
/* End PBXProject section */

/* Begin PBXResourcesBuildPhase section */
		4FEE71A127BCEEF800C8829D /* Resources */ = {
			isa = PBXResourcesBuildPhase;
			buildActionMask = 2147483647;
			files = (
				4FDE886127C1EBDE00E43789 /* MovieSeatCollectionViewCell.xib in Resources */,
				4FEE71B327BCEEF900C8829D /* LaunchScreen.storyboard in Resources */,
				4F1127E927BD171900CBE96D /* TimeCollectionViewCell.xib in Resources */,
				4FEE71B027BCEEF900C8829D /* Assets.xcassets in Resources */,
				4FDE886927C20C6000E43789 /* CardCollectionViewCell.xib in Resources */,
				4F1127E527BD157700CBE96D /* DayCollectionViewCell.xib in Resources */,
				4FEE71AE27BCEEF800C8829D /* Main.storyboard in Resources */,
				4FCB6ADE27BD0882004CC300 /* MovieCollectionViewCell.xib in Resources */,
			);
			runOnlyForDeploymentPostprocessing = 0;
		};
/* End PBXResourcesBuildPhase section */

/* Begin PBXShellScriptBuildPhase section */
		277ADAF1DB8690576E3C88E1 /* [CP] Embed Pods Frameworks */ = {
			isa = PBXShellScriptBuildPhase;
			buildActionMask = 2147483647;
			files = (
			);
			inputFileListPaths = (
				"${PODS_ROOT}/Target Support Files/Pods-MovieBookingApp2/Pods-MovieBookingApp2-frameworks-${CONFIGURATION}-input-files.xcfilelist",
			);
			name = "[CP] Embed Pods Frameworks";
			outputFileListPaths = (
				"${PODS_ROOT}/Target Support Files/Pods-MovieBookingApp2/Pods-MovieBookingApp2-frameworks-${CONFIGURATION}-output-files.xcfilelist",
			);
			runOnlyForDeploymentPostprocessing = 0;
			shellPath = /bin/sh;
			shellScript = "\"${PODS_ROOT}/Target Support Files/Pods-MovieBookingApp2/Pods-MovieBookingApp2-frameworks.sh\"\n";
			showEnvVarsInLog = 0;
		};
		DA8ADC72583E3AA2F01CEA5F /* [CP] Check Pods Manifest.lock */ = {
			isa = PBXShellScriptBuildPhase;
			buildActionMask = 2147483647;
			files = (
			);
			inputFileListPaths = (
			);
			inputPaths = (
				"${PODS_PODFILE_DIR_PATH}/Podfile.lock",
				"${PODS_ROOT}/Manifest.lock",
			);
			name = "[CP] Check Pods Manifest.lock";
			outputFileListPaths = (
			);
			outputPaths = (
				"$(DERIVED_FILE_DIR)/Pods-MovieBookingApp2-checkManifestLockResult.txt",
			);
			runOnlyForDeploymentPostprocessing = 0;
			shellPath = /bin/sh;
			shellScript = "diff \"${PODS_PODFILE_DIR_PATH}/Podfile.lock\" \"${PODS_ROOT}/Manifest.lock\" > /dev/null\nif [ $? != 0 ] ; then\n    # print error to STDERR\n    echo \"error: The sandbox is not in sync with the Podfile.lock. Run 'pod install' or update your CocoaPods installation.\" >&2\n    exit 1\nfi\n# This output is used by Xcode 'outputs' to avoid re-running this script phase.\necho \"SUCCESS\" > \"${SCRIPT_OUTPUT_FILE_0}\"\n";
			showEnvVarsInLog = 0;
		};
/* End PBXShellScriptBuildPhase section */

/* Begin PBXSourcesBuildPhase section */
		4FEE719F27BCEEF800C8829D /* Sources */ = {
			isa = PBXSourcesBuildPhase;
			buildActionMask = 2147483647;
			files = (
				4FDE885D27C1E79000E43789 /* DummyData.swift in Sources */,
				4FEE71AB27BCEEF800C8829D /* HomeViewController.swift in Sources */,
				4FEE71A727BCEEF800C8829D /* AppDelegate.swift in Sources */,
				4FDE886027C1EBDE00E43789 /* MovieSeatCollectionViewCell.swift in Sources */,
				4F5E594D27C3461B00B0206B /* MovieDetailViewController.swift in Sources */,
				4FDE885727C1E5E000E43789 /* MovieSeatVO.swift in Sources */,
				4FDE885A27C1E6E500E43789 /* AppConstants.swift in Sources */,
				4FDE886F27C2711900E43789 /* Router.swift in Sources */,
				4FCB6ADD27BD0882004CC300 /* MovieCollectionViewCell.swift in Sources */,
				4FDE886B27C22E6B00E43789 /* TicketViewController.swift in Sources */,
				4FDE886527C1FFFF00E43789 /* PaymentViewController.swift in Sources */,
				4FEC672F27C358F2009F1275 /* RatingControl.swift in Sources */,
				4FDE886827C20C6000E43789 /* CardCollectionViewCell.swift in Sources */,
				4FCB6AD727BD0760004CC300 /* ViewExtensions.swift in Sources */,
				4FC3601E27C27ECF00296494 /* AuthenticationViewController.swift in Sources */,
				4FDE886327C1ED0E00E43789 /* MovieSeatViewController.swift in Sources */,
				4F1127E427BD157700CBE96D /* DayCollectionViewCell.swift in Sources */,
				4F03DFD227C0D1C300177313 /* SnackViewController.swift in Sources */,
				4F1127E827BD171900CBE96D /* TimeCollectionViewCell.swift in Sources */,
				4F1127E127BD137F00CBE96D /* MovieTimeViewController.swift in Sources */,
				4FDE886D27C266DC00E43789 /* LandingViewController.swift in Sources */,
				4FEE71A927BCEEF800C8829D /* SceneDelegate.swift in Sources */,
			);
			runOnlyForDeploymentPostprocessing = 0;
		};
/* End PBXSourcesBuildPhase section */

/* Begin PBXVariantGroup section */
		4FEE71AC27BCEEF800C8829D /* Main.storyboard */ = {
			isa = PBXVariantGroup;
			children = (
				4FEE71AD27BCEEF800C8829D /* Base */,
			);
			name = Main.storyboard;
			sourceTree = "<group>";
		};
		4FEE71B127BCEEF900C8829D /* LaunchScreen.storyboard */ = {
			isa = PBXVariantGroup;
			children = (
				4FEE71B227BCEEF900C8829D /* Base */,
			);
			name = LaunchScreen.storyboard;
			sourceTree = "<group>";
		};
/* End PBXVariantGroup section */

/* Begin XCBuildConfiguration section */
		4FEE71B527BCEEF900C8829D /* Debug */ = {
			isa = XCBuildConfiguration;
			buildSettings = {
				ALWAYS_SEARCH_USER_PATHS = NO;
				CLANG_ANALYZER_NONNULL = YES;
				CLANG_ANALYZER_NUMBER_OBJECT_CONVERSION = YES_AGGRESSIVE;
				CLANG_CXX_LANGUAGE_STANDARD = "gnu++17";
				CLANG_CXX_LIBRARY = "libc++";
				CLANG_ENABLE_MODULES = YES;
				CLANG_ENABLE_OBJC_ARC = YES;
				CLANG_ENABLE_OBJC_WEAK = YES;
				CLANG_WARN_BLOCK_CAPTURE_AUTORELEASING = YES;
				CLANG_WARN_BOOL_CONVERSION = YES;
				CLANG_WARN_COMMA = YES;
				CLANG_WARN_CONSTANT_CONVERSION = YES;
				CLANG_WARN_DEPRECATED_OBJC_IMPLEMENTATIONS = YES;
				CLANG_WARN_DIRECT_OBJC_ISA_USAGE = YES_ERROR;
				CLANG_WARN_DOCUMENTATION_COMMENTS = YES;
				CLANG_WARN_EMPTY_BODY = YES;
				CLANG_WARN_ENUM_CONVERSION = YES;
				CLANG_WARN_INFINITE_RECURSION = YES;
				CLANG_WARN_INT_CONVERSION = YES;
				CLANG_WARN_NON_LITERAL_NULL_CONVERSION = YES;
				CLANG_WARN_OBJC_IMPLICIT_RETAIN_SELF = YES;
				CLANG_WARN_OBJC_LITERAL_CONVERSION = YES;
				CLANG_WARN_OBJC_ROOT_CLASS = YES_ERROR;
				CLANG_WARN_QUOTED_INCLUDE_IN_FRAMEWORK_HEADER = YES;
				CLANG_WARN_RANGE_LOOP_ANALYSIS = YES;
				CLANG_WARN_STRICT_PROTOTYPES = YES;
				CLANG_WARN_SUSPICIOUS_MOVE = YES;
				CLANG_WARN_UNGUARDED_AVAILABILITY = YES_AGGRESSIVE;
				CLANG_WARN_UNREACHABLE_CODE = YES;
				CLANG_WARN__DUPLICATE_METHOD_MATCH = YES;
				COPY_PHASE_STRIP = NO;
				DEBUG_INFORMATION_FORMAT = dwarf;
				ENABLE_STRICT_OBJC_MSGSEND = YES;
				ENABLE_TESTABILITY = YES;
				GCC_C_LANGUAGE_STANDARD = gnu11;
				GCC_DYNAMIC_NO_PIC = NO;
				GCC_NO_COMMON_BLOCKS = YES;
				GCC_OPTIMIZATION_LEVEL = 0;
				GCC_PREPROCESSOR_DEFINITIONS = (
					"DEBUG=1",
					"$(inherited)",
				);
				GCC_WARN_64_TO_32_BIT_CONVERSION = YES;
				GCC_WARN_ABOUT_RETURN_TYPE = YES_ERROR;
				GCC_WARN_UNDECLARED_SELECTOR = YES;
				GCC_WARN_UNINITIALIZED_AUTOS = YES_AGGRESSIVE;
				GCC_WARN_UNUSED_FUNCTION = YES;
				GCC_WARN_UNUSED_VARIABLE = YES;
				IPHONEOS_DEPLOYMENT_TARGET = 15.2;
				MTL_ENABLE_DEBUG_INFO = INCLUDE_SOURCE;
				MTL_FAST_MATH = YES;
				ONLY_ACTIVE_ARCH = YES;
				SDKROOT = iphoneos;
				SWIFT_ACTIVE_COMPILATION_CONDITIONS = DEBUG;
				SWIFT_OPTIMIZATION_LEVEL = "-Onone";
			};
			name = Debug;
		};
		4FEE71B627BCEEF900C8829D /* Release */ = {
			isa = XCBuildConfiguration;
			buildSettings = {
				ALWAYS_SEARCH_USER_PATHS = NO;
				CLANG_ANALYZER_NONNULL = YES;
				CLANG_ANALYZER_NUMBER_OBJECT_CONVERSION = YES_AGGRESSIVE;
				CLANG_CXX_LANGUAGE_STANDARD = "gnu++17";
				CLANG_CXX_LIBRARY = "libc++";
				CLANG_ENABLE_MODULES = YES;
				CLANG_ENABLE_OBJC_ARC = YES;
				CLANG_ENABLE_OBJC_WEAK = YES;
				CLANG_WARN_BLOCK_CAPTURE_AUTORELEASING = YES;
				CLANG_WARN_BOOL_CONVERSION = YES;
				CLANG_WARN_COMMA = YES;
				CLANG_WARN_CONSTANT_CONVERSION = YES;
				CLANG_WARN_DEPRECATED_OBJC_IMPLEMENTATIONS = YES;
				CLANG_WARN_DIRECT_OBJC_ISA_USAGE = YES_ERROR;
				CLANG_WARN_DOCUMENTATION_COMMENTS = YES;
				CLANG_WARN_EMPTY_BODY = YES;
				CLANG_WARN_ENUM_CONVERSION = YES;
				CLANG_WARN_INFINITE_RECURSION = YES;
				CLANG_WARN_INT_CONVERSION = YES;
				CLANG_WARN_NON_LITERAL_NULL_CONVERSION = YES;
				CLANG_WARN_OBJC_IMPLICIT_RETAIN_SELF = YES;
				CLANG_WARN_OBJC_LITERAL_CONVERSION = YES;
				CLANG_WARN_OBJC_ROOT_CLASS = YES_ERROR;
				CLANG_WARN_QUOTED_INCLUDE_IN_FRAMEWORK_HEADER = YES;
				CLANG_WARN_RANGE_LOOP_ANALYSIS = YES;
				CLANG_WARN_STRICT_PROTOTYPES = YES;
				CLANG_WARN_SUSPICIOUS_MOVE = YES;
				CLANG_WARN_UNGUARDED_AVAILABILITY = YES_AGGRESSIVE;
				CLANG_WARN_UNREACHABLE_CODE = YES;
				CLANG_WARN__DUPLICATE_METHOD_MATCH = YES;
				COPY_PHASE_STRIP = NO;
				DEBUG_INFORMATION_FORMAT = "dwarf-with-dsym";
				ENABLE_NS_ASSERTIONS = NO;
				ENABLE_STRICT_OBJC_MSGSEND = YES;
				GCC_C_LANGUAGE_STANDARD = gnu11;
				GCC_NO_COMMON_BLOCKS = YES;
				GCC_WARN_64_TO_32_BIT_CONVERSION = YES;
				GCC_WARN_ABOUT_RETURN_TYPE = YES_ERROR;
				GCC_WARN_UNDECLARED_SELECTOR = YES;
				GCC_WARN_UNINITIALIZED_AUTOS = YES_AGGRESSIVE;
				GCC_WARN_UNUSED_FUNCTION = YES;
				GCC_WARN_UNUSED_VARIABLE = YES;
				IPHONEOS_DEPLOYMENT_TARGET = 15.2;
				MTL_ENABLE_DEBUG_INFO = NO;
				MTL_FAST_MATH = YES;
				SDKROOT = iphoneos;
				SWIFT_COMPILATION_MODE = wholemodule;
				SWIFT_OPTIMIZATION_LEVEL = "-O";
				VALIDATE_PRODUCT = YES;
			};
			name = Release;
		};
		4FEE71B827BCEEF900C8829D /* Debug */ = {
			isa = XCBuildConfiguration;
			baseConfigurationReference = 1791B1B8BA8D6FED8693E8D8 /* Pods-MovieBookingApp2.debug.xcconfig */;
			buildSettings = {
				ASSETCATALOG_COMPILER_APPICON_NAME = AppIcon;
				ASSETCATALOG_COMPILER_GLOBAL_ACCENT_COLOR_NAME = AccentColor;
				CODE_SIGN_STYLE = Automatic;
				CURRENT_PROJECT_VERSION = 1;
				DEVELOPMENT_TEAM = SJ3KSHTH38;
				GENERATE_INFOPLIST_FILE = YES;
				INFOPLIST_FILE = MovieBookingApp2/Info.plist;
				INFOPLIST_KEY_UIApplicationSupportsIndirectInputEvents = YES;
				INFOPLIST_KEY_UILaunchStoryboardName = LaunchScreen;
				INFOPLIST_KEY_UIMainStoryboardFile = Main;
				INFOPLIST_KEY_UISupportedInterfaceOrientations_iPad = "UIInterfaceOrientationPortrait UIInterfaceOrientationPortraitUpsideDown UIInterfaceOrientationLandscapeLeft UIInterfaceOrientationLandscapeRight";
				INFOPLIST_KEY_UISupportedInterfaceOrientations_iPhone = "UIInterfaceOrientationPortrait UIInterfaceOrientationLandscapeLeft UIInterfaceOrientationLandscapeRight";
				LD_RUNPATH_SEARCH_PATHS = (
					"$(inherited)",
					"@executable_path/Frameworks",
				);
				MARKETING_VERSION = 1.0;
				PRODUCT_BUNDLE_IDENTIFIER = com.kira.MovieBookingApp2;
				PRODUCT_NAME = "$(TARGET_NAME)";
				SWIFT_EMIT_LOC_STRINGS = YES;
				SWIFT_VERSION = 5.0;
				TARGETED_DEVICE_FAMILY = "1,2";
			};
			name = Debug;
		};
		4FEE71B927BCEEF900C8829D /* Release */ = {
			isa = XCBuildConfiguration;
			baseConfigurationReference = 680D74C0D160992A614310E1 /* Pods-MovieBookingApp2.release.xcconfig */;
			buildSettings = {
				ASSETCATALOG_COMPILER_APPICON_NAME = AppIcon;
				ASSETCATALOG_COMPILER_GLOBAL_ACCENT_COLOR_NAME = AccentColor;
				CODE_SIGN_STYLE = Automatic;
				CURRENT_PROJECT_VERSION = 1;
				DEVELOPMENT_TEAM = SJ3KSHTH38;
				GENERATE_INFOPLIST_FILE = YES;
				INFOPLIST_FILE = MovieBookingApp2/Info.plist;
				INFOPLIST_KEY_UIApplicationSupportsIndirectInputEvents = YES;
				INFOPLIST_KEY_UILaunchStoryboardName = LaunchScreen;
				INFOPLIST_KEY_UIMainStoryboardFile = Main;
				INFOPLIST_KEY_UISupportedInterfaceOrientations_iPad = "UIInterfaceOrientationPortrait UIInterfaceOrientationPortraitUpsideDown UIInterfaceOrientationLandscapeLeft UIInterfaceOrientationLandscapeRight";
				INFOPLIST_KEY_UISupportedInterfaceOrientations_iPhone = "UIInterfaceOrientationPortrait UIInterfaceOrientationLandscapeLeft UIInterfaceOrientationLandscapeRight";
				LD_RUNPATH_SEARCH_PATHS = (
					"$(inherited)",
					"@executable_path/Frameworks",
				);
				MARKETING_VERSION = 1.0;
				PRODUCT_BUNDLE_IDENTIFIER = com.kira.MovieBookingApp2;
				PRODUCT_NAME = "$(TARGET_NAME)";
				SWIFT_EMIT_LOC_STRINGS = YES;
				SWIFT_VERSION = 5.0;
				TARGETED_DEVICE_FAMILY = "1,2";
			};
			name = Release;
		};
/* End XCBuildConfiguration section */

/* Begin XCConfigurationList section */
		4FEE719E27BCEEF800C8829D /* Build configuration list for PBXProject "MovieBookingApp2" */ = {
			isa = XCConfigurationList;
			buildConfigurations = (
				4FEE71B527BCEEF900C8829D /* Debug */,
				4FEE71B627BCEEF900C8829D /* Release */,
			);
			defaultConfigurationIsVisible = 0;
			defaultConfigurationName = Release;
		};
		4FEE71B727BCEEF900C8829D /* Build configuration list for PBXNativeTarget "MovieBookingApp2" */ = {
			isa = XCConfigurationList;
			buildConfigurations = (
				4FEE71B827BCEEF900C8829D /* Debug */,
				4FEE71B927BCEEF900C8829D /* Release */,
			);
			defaultConfigurationIsVisible = 0;
			defaultConfigurationName = Release;
		};
/* End XCConfigurationList section */
	};
	rootObject = 4FEE719B27BCEEF800C8829D /* Project object */;
}
