{
  "pins" : [
    {
      "identity" : "facebook-ios-sdk",
      "kind" : "remoteSourceControl",
      "location" : "https://github.com/facebook/facebook-ios-sdk",
      "state" : {
        "revision" : "752b66ce176756bf9a9839726e32fced1f8c7d83",
        "version" : "13.0.0"
      }
    }
  ],
  "version" : 2
}
